{
  "version": 4,
  "terraform_version": "1.9.2",
  "serial": 8,
  "lineage": "814aaf1b-3270-5100-4515-6144d8f0e376",
  "outputs": {
    "sg_id": {
      "value": "sg-01773010b188c9244",
      "type": "string"
    }
  },
  "resources": [
    {
      "mode": "managed",
      "type": "aws_security_group",
      "name": "sg",
      "provider": "provider[\"registry.terraform.io/hashicorp/aws\"]",
      "instances": [
        {
          "schema_version": 1,
          "attributes": {
            "arn": "arn:aws:ec2:us-west-2:058264261029:security-group/sg-01773010b188c9244",
            "description": "Allow inbound traffic",
            "egress": [],
            "id": "sg-01773010b188c9244",
            "ingress": [],
            "name": "test TF_VAR",
            "name_prefix": "",
            "owner_id": "058264261029",
            "revoke_rules_on_delete": false,
            "tags": {},
            "tags_all": {},
            "timeouts": null,
            "vpc_id": "vpc-00d6be1c5a16dee04"
          },
          "sensitive_attributes": [],
          "private": "eyJlMmJmYjczMC1lY2FhLTExZTYtOGY4OC0zNDM2M2JjN2M0YzAiOnsiY3JlYXRlIjo2MDAwMDAwMDAwMDAsImRlbGV0ZSI6OTAwMDAwMDAwMDAwfSwic2NoZW1hX3ZlcnNpb24iOiIxIn0="
        }
      ]
    }
  ],
  "check_results": null
}
