{
  "version": 4,
  "terraform_version": "1.9.2",
  "serial": 277,
  "lineage": "96032359-f86d-b923-1e03-cfa3d566696f",
  "outputs": {},
  "resources": [
    {
      "mode": "managed",
      "type": "aws_s3_bucket",
      "name": "default",
      "provider": "provider[\"registry.terraform.io/hashicorp/aws\"]",
      "instances": [
        {
          "index_key": 0,
          "schema_version": 0,
          "attributes": {
            "acceleration_status": "",
            "acl": null,
            "arn": "arn:aws:s3:::dev-teama-pre-prod-app-service-frontend-api-codepipeline",
            "bucket": "dev-teama-pre-prod-app-service-frontend-api-codepipeline",
            "bucket_domain_name": "dev-teama-pre-prod-app-service-frontend-api-codepipeline.s3.amazonaws.com",
            "bucket_prefix": "",
            "bucket_regional_domain_name": "dev-teama-pre-prod-app-service-frontend-api-codepipeline.s3.us-east-1.amazonaws.com",
            "cors_rule": [],
            "force_destroy": false,
            "grant": [
              {
                "id": "a15ce0729c9bfb0b38680cc93a9fa6fe488d6d41ae2b4c66e617eb0052a25841",
                "permissions": [
                  "FULL_CONTROL"
                ],
                "type": "CanonicalUser",
                "uri": ""
              }
            ],
            "hosted_zone_id": "Z3AQBSTGFYJSTF",
            "id": "dev-teama-pre-prod-app-service-frontend-api-codepipeline",
            "lifecycle_rule": [],
            "logging": [],
            "object_lock_configuration": [],
            "object_lock_enabled": false,
            "policy": "",
            "region": "us-east-1",
            "replication_configuration": [],
            "request_payer": "BucketOwner",
            "server_side_encryption_configuration": [
              {
                "rule": [
                  {
                    "apply_server_side_encryption_by_default": [
                      {
                        "kms_master_key_id": "",
                        "sse_algorithm": "AES256"
                      }
                    ],
                    "bucket_key_enabled": false
                  }
                ]
              }
            ],
            "tags": {
              "Owner": "teamA",
              "Project": "AppModernization",
              "attributes": "frontend-api-codepipeline",
              "environment": "staging",
              "name": "dev-teama-pre-prod-app-service-frontend-api-codepipeline",
              "namespace": "dev",
              "stage": "pre-prod",
              "tenant": "teama"
            },
            "tags_all": {
              "Owner": "teamA",
              "Project": "AppModernization",
              "attributes": "frontend-api-codepipeline",
              "environment": "staging",
              "name": "dev-teama-pre-prod-app-service-frontend-api-codepipeline",
              "namespace": "dev",
              "stage": "pre-prod",
              "tenant": "teama"
            },
            "timeouts": null,
            "versioning": [
              {
                "enabled": false,
                "mfa_delete": false
              }
            ],
            "website": [],
            "website_domain": null,
            "website_endpoint": null
          },
          "sensitive_attributes": [],
          "private": "eyJlMmJmYjczMC1lY2FhLTExZTYtOGY4OC0zNDM2M2JjN2M0YzAiOnsiY3JlYXRlIjoxMjAwMDAwMDAwMDAwLCJkZWxldGUiOjM2MDAwMDAwMDAwMDAsInJlYWQiOjEyMDAwMDAwMDAwMDAsInVwZGF0ZSI6MTIwMDAwMDAwMDAwMH19"
        }
      ]
    }
  ],
  "check_results": [
    {
      "object_kind": "var",
      "config_addr": "module.codepipeline_assume_role_label.var.context",
      "status": "unknown",
      "objects": [
        {
          "object_addr": "module.codepipeline_assume_role_label.var.context",
          "status": "unknown"
        }
      ]
    },
    {
      "object_kind": "var",
      "config_addr": "module.codebuild_label.var.label_key_case",
      "status": "unknown",
      "objects": [
        {
          "object_addr": "module.codebuild_label.var.label_key_case",
          "status": "unknown"
        }
      ]
    },
    {
      "object_kind": "var",
      "config_addr": "module.codepipeline_label.var.label_value_case",
      "status": "unknown",
      "objects": [
        {
          "object_addr": "module.codepipeline_label.var.label_value_case",
          "status": "unknown"
        }
      ]
    },
    {
      "object_kind": "var",
      "config_addr": "module.codestar_label.var.id_length_limit",
      "status": "unknown",
      "objects": [
        {
          "object_addr": "module.codestar_label.var.id_length_limit",
          "status": "unknown"
        }
      ]
    },
    {
      "object_kind": "var",
      "config_addr": "module.this.var.label_value_case",
      "status": "unknown",
      "objects": [
        {
          "object_addr": "module.this.var.label_value_case",
          "status": "unknown"
        }
      ]
    },
    {
      "object_kind": "var",
      "config_addr": "module.codepipeline_label.var.context",
      "status": "unknown",
      "objects": [
        {
          "object_addr": "module.codepipeline_label.var.context",
          "status": "unknown"
        }
      ]
    },
    {
      "object_kind": "var",
      "config_addr": "module.codepipeline_assume_role_label.var.id_length_limit",
      "status": "unknown",
      "objects": [
        {
          "object_addr": "module.codepipeline_assume_role_label.var.id_length_limit",
          "status": "unknown"
        }
      ]
    },
    {
      "object_kind": "var",
      "config_addr": "var.id_length_limit",
      "status": "unknown",
      "objects": [
        {
          "object_addr": "var.id_length_limit",
          "status": "unknown"
        }
      ]
    },
    {
      "object_kind": "var",
      "config_addr": "module.codestar_label.var.label_key_case",
      "status": "unknown",
      "objects": [
        {
          "object_addr": "module.codestar_label.var.label_key_case",
          "status": "unknown"
        }
      ]
    },
    {
      "object_kind": "var",
      "config_addr": "module.codebuild.var.label_value_case",
      "status": "unknown",
      "objects": [
        {
          "object_addr": "module.codebuild.var.label_value_case",
          "status": "unknown"
        }
      ]
    },
    {
      "object_kind": "var",
      "config_addr": "module.codepipeline_label.var.id_length_limit",
      "status": "unknown",
      "objects": [
        {
          "object_addr": "module.codepipeline_label.var.id_length_limit",
          "status": "unknown"
        }
      ]
    },
    {
      "object_kind": "resource",
      "config_addr": "module.codebuild.data.aws_iam_policy_document.permissions",
      "status": "unknown",
      "objects": null
    },
    {
      "object_kind": "var",
      "config_addr": "module.codepipeline_assume_role_label.var.label_key_case",
      "status": "unknown",
      "objects": [
        {
          "object_addr": "module.codepipeline_assume_role_label.var.label_key_case",
          "status": "unknown"
        }
      ]
    },
    {
      "object_kind": "var",
      "config_addr": "var.label_key_case",
      "status": "unknown",
      "objects": [
        {
          "object_addr": "var.label_key_case",
          "status": "unknown"
        }
      ]
    },
    {
      "object_kind": "var",
      "config_addr": "module.codepipeline_s3_policy_label.var.label_value_case",
      "status": "unknown",
      "objects": [
        {
          "object_addr": "module.codepipeline_s3_policy_label.var.label_value_case",
          "status": "unknown"
        }
      ]
    },
    {
      "object_kind": "var",
      "config_addr": "module.codebuild_label.var.context",
      "status": "unknown",
      "objects": [
        {
          "object_addr": "module.codebuild_label.var.context",
          "status": "unknown"
        }
      ]
    },
    {
      "object_kind": "var",
      "config_addr": "module.codebuild_label.var.label_value_case",
      "status": "unknown",
      "objects": [
        {
          "object_addr": "module.codebuild_label.var.label_value_case",
          "status": "unknown"
        }
      ]
    },
    {
      "object_kind": "var",
      "config_addr": "module.codepipeline_s3_policy_label.var.context",
      "status": "unknown",
      "objects": [
        {
          "object_addr": "module.codepipeline_s3_policy_label.var.context",
          "status": "unknown"
        }
      ]
    },
    {
      "object_kind": "var",
      "config_addr": "module.this.var.id_length_limit",
      "status": "unknown",
      "objects": [
        {
          "object_addr": "module.this.var.id_length_limit",
          "status": "unknown"
        }
      ]
    },
    {
      "object_kind": "var",
      "config_addr": "module.codebuild_label.var.id_length_limit",
      "status": "unknown",
      "objects": [
        {
          "object_addr": "module.codebuild_label.var.id_length_limit",
          "status": "unknown"
        }
      ]
    },
    {
      "object_kind": "var",
      "config_addr": "module.codepipeline_assume_role_label.var.label_value_case",
      "status": "unknown",
      "objects": [
        {
          "object_addr": "module.codepipeline_assume_role_label.var.label_value_case",
          "status": "unknown"
        }
      ]
    },
    {
      "object_kind": "var",
      "config_addr": "module.codepipeline_s3_policy_label.var.label_key_case",
      "status": "unknown",
      "objects": [
        {
          "object_addr": "module.codepipeline_s3_policy_label.var.label_key_case",
          "status": "unknown"
        }
      ]
    },
    {
      "object_kind": "var",
      "config_addr": "module.codebuild.var.id_length_limit",
      "status": "unknown",
      "objects": [
        {
          "object_addr": "module.codebuild.var.id_length_limit",
          "status": "unknown"
        }
      ]
    },
    {
      "object_kind": "var",
      "config_addr": "module.codepipeline_s3_policy_label.var.id_length_limit",
      "status": "unknown",
      "objects": [
        {
          "object_addr": "module.codepipeline_s3_policy_label.var.id_length_limit",
          "status": "unknown"
        }
      ]
    },
    {
      "object_kind": "var",
      "config_addr": "module.this.var.label_key_case",
      "status": "unknown",
      "objects": [
        {
          "object_addr": "module.this.var.label_key_case",
          "status": "unknown"
        }
      ]
    },
    {
      "object_kind": "var",
      "config_addr": "module.codebuild.var.label_key_case",
      "status": "unknown",
      "objects": [
        {
          "object_addr": "module.codebuild.var.label_key_case",
          "status": "unknown"
        }
      ]
    },
    {
      "object_kind": "var",
      "config_addr": "var.label_value_case",
      "status": "unknown",
      "objects": [
        {
          "object_addr": "var.label_value_case",
          "status": "unknown"
        }
      ]
    },
    {
      "object_kind": "var",
      "config_addr": "var.context",
      "status": "unknown",
      "objects": [
        {
          "object_addr": "var.context",
          "status": "unknown"
        }
      ]
    },
    {
      "object_kind": "var",
      "config_addr": "module.codebuild.var.context",
      "status": "unknown",
      "objects": [
        {
          "object_addr": "module.codebuild.var.context",
          "status": "unknown"
        }
      ]
    },
    {
      "object_kind": "var",
      "config_addr": "module.codebuild.var.custom_policy",
      "status": "unknown",
      "objects": [
        {
          "object_addr": "module.codebuild.var.custom_policy",
          "status": "unknown"
        }
      ]
    },
    {
      "object_kind": "var",
      "config_addr": "module.codebuild.module.this.var.id_length_limit",
      "status": "unknown",
      "objects": [
        {
          "object_addr": "module.codebuild.module.this.var.id_length_limit",
          "status": "unknown"
        }
      ]
    },
    {
      "object_kind": "var",
      "config_addr": "module.codestar_label.var.label_value_case",
      "status": "unknown",
      "objects": [
        {
          "object_addr": "module.codestar_label.var.label_value_case",
          "status": "unknown"
        }
      ]
    },
    {
      "object_kind": "var",
      "config_addr": "module.codebuild.module.this.var.context",
      "status": "unknown",
      "objects": [
        {
          "object_addr": "module.codebuild.module.this.var.context",
          "status": "unknown"
        }
      ]
    },
    {
      "object_kind": "var",
      "config_addr": "module.codebuild.module.this.var.label_key_case",
      "status": "unknown",
      "objects": [
        {
          "object_addr": "module.codebuild.module.this.var.label_key_case",
          "status": "unknown"
        }
      ]
    },
    {
      "object_kind": "var",
      "config_addr": "module.codestar_label.var.context",
      "status": "unknown",
      "objects": [
        {
          "object_addr": "module.codestar_label.var.context",
          "status": "unknown"
        }
      ]
    },
    {
      "object_kind": "var",
      "config_addr": "module.this.var.context",
      "status": "unknown",
      "objects": [
        {
          "object_addr": "module.this.var.context",
          "status": "unknown"
        }
      ]
    },
    {
      "object_kind": "var",
      "config_addr": "module.codepipeline_label.var.label_key_case",
      "status": "unknown",
      "objects": [
        {
          "object_addr": "module.codepipeline_label.var.label_key_case",
          "status": "unknown"
        }
      ]
    },
    {
      "object_kind": "var",
      "config_addr": "module.codebuild.module.this.var.label_value_case",
      "status": "unknown",
      "objects": [
        {
          "object_addr": "module.codebuild.module.this.var.label_value_case",
          "status": "unknown"
        }
      ]
    }
  ]
}
