{
  "version": 4,
  "terraform_version": "1.9.2",
  "serial": 70,
  "lineage": "5256318f-c161-105e-0e25-37427314db75",
  "outputs": {},
  "resources": [
    {
      "module": "module.ecs-codepipeline",
      "mode": "data",
      "type": "aws_caller_identity",
      "name": "default",
      "provider": "provider[\"registry.terraform.io/hashicorp/aws\"]",
      "instances": [
        {
          "schema_version": 0,
          "attributes": {
            "account_id": "058264261029",
            "arn": "arn:aws:iam::058264261029:user/admin",
            "id": "058264261029",
            "user_id": "AIDAQ3EGSCGSSENG6LA26"
          },
          "sensitive_attributes": []
        }
      ]
    },
    {
      "module": "module.ecs-codepipeline",
      "mode": "data",
      "type": "aws_iam_policy_document",
      "name": "assume_role",
      "provider": "provider[\"registry.terraform.io/hashicorp/aws\"]",
      "instances": [
        {
          "schema_version": 0,
          "attributes": {
            "id": "2245101310",
            "json": "{\n  \"Version\": \"2012-10-17\",\n  \"Statement\": [\n    {\n      \"Effect\": \"Allow\",\n      \"Action\": \"sts:AssumeRole\",\n      \"Principal\": {\n        \"Service\": \"codepipeline.amazonaws.com\"\n      }\n    }\n  ]\n}",
            "minified_json": "{\"Version\":\"2012-10-17\",\"Statement\":[{\"Effect\":\"Allow\",\"Action\":\"sts:AssumeRole\",\"Principal\":{\"Service\":\"codepipeline.amazonaws.com\"}}]}",
            "override_json": null,
            "override_policy_documents": null,
            "policy_id": null,
            "source_json": null,
            "source_policy_documents": null,
            "statement": [
              {
                "actions": [
                  "sts:AssumeRole"
                ],
                "condition": [],
                "effect": "Allow",
                "not_actions": [],
                "not_principals": [],
                "not_resources": [],
                "principals": [
                  {
                    "identifiers": [
                      "codepipeline.amazonaws.com"
                    ],
                    "type": "Service"
                  }
                ],
                "resources": [],
                "sid": ""
              }
            ],
            "version": "2012-10-17"
          },
          "sensitive_attributes": []
        }
      ]
    },
    {
      "module": "module.ecs-codepipeline",
      "mode": "data",
      "type": "aws_iam_policy_document",
      "name": "codebuild",
      "provider": "provider[\"registry.terraform.io/hashicorp/aws\"]",
      "instances": [
        {
          "schema_version": 0,
          "attributes": {
            "id": "140940500",
            "json": "{\n  \"Version\": \"2012-10-17\",\n  \"Statement\": [\n    {\n      \"Effect\": \"Allow\",\n      \"Action\": \"codebuild:*\",\n      \"Resource\": \"arn:aws:codebuild:us-east-1:058264261029:project/build\"\n    }\n  ]\n}",
            "minified_json": "{\"Version\":\"2012-10-17\",\"Statement\":[{\"Effect\":\"Allow\",\"Action\":\"codebuild:*\",\"Resource\":\"arn:aws:codebuild:us-east-1:058264261029:project/build\"}]}",
            "override_json": null,
            "override_policy_documents": null,
            "policy_id": null,
            "source_json": null,
            "source_policy_documents": null,
            "statement": [
              {
                "actions": [
                  "codebuild:*"
                ],
                "condition": [],
                "effect": "Allow",
                "not_actions": [],
                "not_principals": [],
                "not_resources": [],
                "principals": [],
                "resources": [
                  "arn:aws:codebuild:us-east-1:058264261029:project/build"
                ],
                "sid": ""
              }
            ],
            "version": "2012-10-17"
          },
          "sensitive_attributes": []
        }
      ]
    },
    {
      "module": "module.ecs-codepipeline",
      "mode": "data",
      "type": "aws_iam_policy_document",
      "name": "default",
      "provider": "provider[\"registry.terraform.io/hashicorp/aws\"]",
      "instances": [
        {
          "schema_version": 0,
          "attributes": {
            "id": "2447018482",
            "json": "{\n  \"Version\": \"2012-10-17\",\n  \"Statement\": [\n    {\n      \"Effect\": \"Allow\",\n      \"Action\": [\n        \"sqs:*\",\n        \"sns:*\",\n        \"s3:*\",\n        \"rds:*\",\n        \"iam:PassRole\",\n        \"elasticloadbalancing:*\",\n        \"ecs:*\",\n        \"ec2:*\",\n        \"cloudwatch:*\",\n        \"cloudformation:*\",\n        \"autoscaling:*\"\n      ],\n      \"Resource\": \"*\"\n    }\n  ]\n}",
            "minified_json": "{\"Version\":\"2012-10-17\",\"Statement\":[{\"Effect\":\"Allow\",\"Action\":[\"sqs:*\",\"sns:*\",\"s3:*\",\"rds:*\",\"iam:PassRole\",\"elasticloadbalancing:*\",\"ecs:*\",\"ec2:*\",\"cloudwatch:*\",\"cloudformation:*\",\"autoscaling:*\"],\"Resource\":\"*\"}]}",
            "override_json": null,
            "override_policy_documents": null,
            "policy_id": null,
            "source_json": null,
            "source_policy_documents": null,
            "statement": [
              {
                "actions": [
                  "autoscaling:*",
                  "cloudformation:*",
                  "cloudwatch:*",
                  "ec2:*",
                  "ecs:*",
                  "elasticloadbalancing:*",
                  "iam:PassRole",
                  "rds:*",
                  "s3:*",
                  "sns:*",
                  "sqs:*"
                ],
                "condition": [],
                "effect": "Allow",
                "not_actions": [],
                "not_principals": [],
                "not_resources": [],
                "principals": [],
                "resources": [
                  "*"
                ],
                "sid": ""
              }
            ],
            "version": "2012-10-17"
          },
          "sensitive_attributes": []
        }
      ]
    },
    {
      "module": "module.ecs-codepipeline",
      "mode": "data",
      "type": "aws_region",
      "name": "default",
      "provider": "provider[\"registry.terraform.io/hashicorp/aws\"]",
      "instances": [
        {
          "schema_version": 0,
          "attributes": {
            "description": "US East (N. Virginia)",
            "endpoint": "ec2.us-east-1.amazonaws.com",
            "id": "us-east-1",
            "name": "us-east-1"
          },
          "sensitive_attributes": []
        }
      ]
    },
    {
      "module": "module.ecs-codepipeline",
      "mode": "managed",
      "type": "aws_iam_policy",
      "name": "codebuild",
      "provider": "provider[\"registry.terraform.io/hashicorp/aws\"]",
      "instances": [
        {
          "index_key": 0,
          "schema_version": 0,
          "attributes": {
            "arn": "arn:aws:iam::058264261029:policy/codebuild",
            "attachment_count": 1,
            "description": "",
            "id": "arn:aws:iam::058264261029:policy/codebuild",
            "name": "codebuild",
            "name_prefix": "",
            "path": "/",
            "policy": "{\"Statement\":[{\"Action\":\"codebuild:*\",\"Effect\":\"Allow\",\"Resource\":\"arn:aws:codebuild:us-east-1:058264261029:project/build\"}],\"Version\":\"2012-10-17\"}",
            "policy_id": "ANPAQ3EGSCGSYCLDGBDQA",
            "tags": {},
            "tags_all": {}
          },
          "sensitive_attributes": [],
          "private": "bnVsbA==",
          "dependencies": [
            "module.ecs-codepipeline.data.aws_caller_identity.default",
            "module.ecs-codepipeline.data.aws_iam_policy_document.codebuild",
            "module.ecs-codepipeline.data.aws_region.default",
            "module.ecs-codepipeline.module.codebuild.aws_codebuild_project.default",
            "module.ecs-codepipeline.module.codebuild.aws_iam_role.default",
            "module.ecs-codepipeline.module.codebuild.aws_s3_bucket.cache_bucket",
            "module.ecs-codepipeline.module.codebuild.data.aws_caller_identity.default",
            "module.ecs-codepipeline.module.codebuild.data.aws_iam_policy_document.role",
            "module.ecs-codepipeline.module.codebuild.data.aws_region.default",
            "module.ecs-codepipeline.module.codebuild.random_string.bucket_prefix"
          ]
        }
      ]
    },
    {
      "module": "module.ecs-codepipeline",
      "mode": "managed",
      "type": "aws_iam_policy",
      "name": "default",
      "provider": "provider[\"registry.terraform.io/hashicorp/aws\"]",
      "instances": [
        {
          "index_key": 0,
          "schema_version": 0,
          "attributes": {
            "arn": "arn:aws:iam::058264261029:policy/codepipeline",
            "attachment_count": 1,
            "description": "",
            "id": "arn:aws:iam::058264261029:policy/codepipeline",
            "name": "codepipeline",
            "name_prefix": "",
            "path": "/",
            "policy": "{\"Statement\":[{\"Action\":[\"sqs:*\",\"sns:*\",\"s3:*\",\"rds:*\",\"iam:PassRole\",\"elasticloadbalancing:*\",\"ecs:*\",\"ec2:*\",\"cloudwatch:*\",\"cloudformation:*\",\"autoscaling:*\"],\"Effect\":\"Allow\",\"Resource\":\"*\"}],\"Version\":\"2012-10-17\"}",
            "policy_id": "ANPAQ3EGSCGSRRFCHED6Q",
            "tags": {},
            "tags_all": {}
          },
          "sensitive_attributes": [],
          "private": "bnVsbA==",
          "dependencies": [
            "module.ecs-codepipeline.data.aws_iam_policy_document.default"
          ]
        }
      ]
    },
    {
      "module": "module.ecs-codepipeline",
      "mode": "managed",
      "type": "aws_iam_role",
      "name": "default",
      "provider": "provider[\"registry.terraform.io/hashicorp/aws\"]",
      "instances": [
        {
          "index_key": 0,
          "schema_version": 0,
          "attributes": {
            "arn": "arn:aws:iam::058264261029:role/codepipeline-assume",
            "assume_role_policy": "{\"Statement\":[{\"Action\":\"sts:AssumeRole\",\"Effect\":\"Allow\",\"Principal\":{\"Service\":\"codepipeline.amazonaws.com\"}}],\"Version\":\"2012-10-17\"}",
            "create_date": "2024-11-18T09:25:59Z",
            "description": "",
            "force_detach_policies": false,
            "id": "codepipeline-assume",
            "inline_policy": [],
            "managed_policy_arns": [
              "arn:aws:iam::058264261029:policy/codebuild",
              "arn:aws:iam::058264261029:policy/codepipeline"
            ],
            "max_session_duration": 3600,
            "name": "codepipeline-assume",
            "name_prefix": "",
            "path": "/",
            "permissions_boundary": "",
            "tags": {},
            "tags_all": {},
            "unique_id": "AROAQ3EGSCGSX7NOWAFJE"
          },
          "sensitive_attributes": [],
          "private": "bnVsbA==",
          "dependencies": [
            "module.ecs-codepipeline.data.aws_iam_policy_document.assume_role"
          ]
        }
      ]
    },
    {
      "module": "module.ecs-codepipeline",
      "mode": "managed",
      "type": "aws_iam_role_policy_attachment",
      "name": "codebuild",
      "provider": "provider[\"registry.terraform.io/hashicorp/aws\"]",
      "instances": [
        {
          "index_key": 0,
          "schema_version": 0,
          "attributes": {
            "id": "codepipeline-assume-20241118092612355600000004",
            "policy_arn": "arn:aws:iam::058264261029:policy/codebuild",
            "role": "codepipeline-assume"
          },
          "sensitive_attributes": [],
          "private": "bnVsbA==",
          "dependencies": [
            "module.ecs-codepipeline.aws_iam_policy.codebuild",
            "module.ecs-codepipeline.aws_iam_role.default",
            "module.ecs-codepipeline.data.aws_caller_identity.default",
            "module.ecs-codepipeline.data.aws_iam_policy_document.assume_role",
            "module.ecs-codepipeline.data.aws_iam_policy_document.codebuild",
            "module.ecs-codepipeline.data.aws_region.default",
            "module.ecs-codepipeline.module.codebuild.aws_codebuild_project.default",
            "module.ecs-codepipeline.module.codebuild.aws_iam_role.default",
            "module.ecs-codepipeline.module.codebuild.aws_s3_bucket.cache_bucket",
            "module.ecs-codepipeline.module.codebuild.data.aws_caller_identity.default",
            "module.ecs-codepipeline.module.codebuild.data.aws_iam_policy_document.role",
            "module.ecs-codepipeline.module.codebuild.data.aws_region.default",
            "module.ecs-codepipeline.module.codebuild.random_string.bucket_prefix"
          ]
        }
      ]
    },
    {
      "module": "module.ecs-codepipeline",
      "mode": "managed",
      "type": "aws_iam_role_policy_attachment",
      "name": "codebuild_extras",
      "provider": "provider[\"registry.terraform.io/hashicorp/aws\"]",
      "instances": []
    },
    {
      "module": "module.ecs-codepipeline",
      "mode": "managed",
      "type": "aws_iam_role_policy_attachment",
      "name": "default",
      "provider": "provider[\"registry.terraform.io/hashicorp/aws\"]",
      "instances": [
        {
          "index_key": 0,
          "schema_version": 0,
          "attributes": {
            "id": "codepipeline-assume-20241118092600586100000002",
            "policy_arn": "arn:aws:iam::058264261029:policy/codepipeline",
            "role": "codepipeline-assume"
          },
          "sensitive_attributes": [],
          "private": "bnVsbA==",
          "dependencies": [
            "module.ecs-codepipeline.aws_iam_policy.default",
            "module.ecs-codepipeline.aws_iam_role.default",
            "module.ecs-codepipeline.data.aws_iam_policy_document.assume_role",
            "module.ecs-codepipeline.data.aws_iam_policy_document.default"
          ]
        }
      ]
    },
    {
      "module": "module.ecs-codepipeline",
      "mode": "managed",
      "type": "random_string",
      "name": "webhook_secret",
      "provider": "provider[\"registry.terraform.io/hashicorp/random\"]",
      "instances": [
        {
          "index_key": 0,
          "schema_version": 2,
          "attributes": {
            "id": "mYpl9XTu5ODN5oRETYpHxuKaoJVevUPO",
            "keepers": null,
            "length": 32,
            "lower": true,
            "min_lower": 0,
            "min_numeric": 0,
            "min_special": 0,
            "min_upper": 0,
            "number": true,
            "numeric": true,
            "override_special": null,
            "result": "mYpl9XTu5ODN5oRETYpHxuKaoJVevUPO",
            "special": false,
            "upper": true
          },
          "sensitive_attributes": []
        }
      ]
    },
    {
      "module": "module.ecs-codepipeline.module.codebuild",
      "mode": "data",
      "type": "aws_caller_identity",
      "name": "default",
      "provider": "provider[\"registry.terraform.io/hashicorp/aws\"]",
      "instances": [
        {
          "schema_version": 0,
          "attributes": {
            "account_id": "058264261029",
            "arn": "arn:aws:iam::058264261029:user/admin",
            "id": "058264261029",
            "user_id": "AIDAQ3EGSCGSSENG6LA26"
          },
          "sensitive_attributes": []
        }
      ]
    },
    {
      "module": "module.ecs-codepipeline.module.codebuild",
      "mode": "data",
      "type": "aws_iam_policy_document",
      "name": "combined_permissions",
      "provider": "provider[\"registry.terraform.io/hashicorp/aws\"]",
      "instances": [
        {
          "schema_version": 0,
          "attributes": {
            "id": "2090944235",
            "json": "{\n  \"Version\": \"2012-10-17\",\n  \"Statement\": [\n    {\n      \"Effect\": \"Allow\",\n      \"Action\": [\n        \"ssm:GetParameters\",\n        \"secretsmanager:GetSecretValue\",\n        \"logs:PutLogEvents\",\n        \"logs:CreateLogStream\",\n        \"logs:CreateLogGroup\",\n        \"iam:PassRole\",\n        \"ecs:RunTask\",\n        \"ecr:UploadLayerPart\",\n        \"ecr:PutImage\",\n        \"ecr:InitiateLayerUpload\",\n        \"ecr:GetAuthorizationToken\",\n        \"ecr:CompleteLayerUpload\",\n        \"ecr:BatchCheckLayerAvailability\",\n        \"codecommit:GitPull\"\n      ],\n      \"Resource\": \"*\"\n    }\n  ]\n}",
            "minified_json": "{\"Version\":\"2012-10-17\",\"Statement\":[{\"Effect\":\"Allow\",\"Action\":[\"ssm:GetParameters\",\"secretsmanager:GetSecretValue\",\"logs:PutLogEvents\",\"logs:CreateLogStream\",\"logs:CreateLogGroup\",\"iam:PassRole\",\"ecs:RunTask\",\"ecr:UploadLayerPart\",\"ecr:PutImage\",\"ecr:InitiateLayerUpload\",\"ecr:GetAuthorizationToken\",\"ecr:CompleteLayerUpload\",\"ecr:BatchCheckLayerAvailability\",\"codecommit:GitPull\"],\"Resource\":\"*\"}]}",
            "override_json": null,
            "override_policy_documents": [
              "{\n  \"Version\": \"2012-10-17\",\n  \"Statement\": [\n    {\n      \"Effect\": \"Allow\",\n      \"Action\": [\n        \"ssm:GetParameters\",\n        \"secretsmanager:GetSecretValue\",\n        \"logs:PutLogEvents\",\n        \"logs:CreateLogStream\",\n        \"logs:CreateLogGroup\",\n        \"iam:PassRole\",\n        \"ecs:RunTask\",\n        \"ecr:UploadLayerPart\",\n        \"ecr:PutImage\",\n        \"ecr:InitiateLayerUpload\",\n        \"ecr:GetAuthorizationToken\",\n        \"ecr:CompleteLayerUpload\",\n        \"ecr:BatchCheckLayerAvailability\",\n        \"codecommit:GitPull\"\n      ],\n      \"Resource\": \"*\"\n    }\n  ]\n}"
            ],
            "policy_id": null,
            "source_json": null,
            "source_policy_documents": null,
            "statement": null,
            "version": "2012-10-17"
          },
          "sensitive_attributes": []
        }
      ]
    },
    {
      "module": "module.ecs-codepipeline.module.codebuild",
      "mode": "data",
      "type": "aws_iam_policy_document",
      "name": "permissions",
      "provider": "provider[\"registry.terraform.io/hashicorp/aws\"]",
      "instances": [
        {
          "index_key": 0,
          "schema_version": 0,
          "attributes": {
            "id": "2090944235",
            "json": "{\n  \"Version\": \"2012-10-17\",\n  \"Statement\": [\n    {\n      \"Effect\": \"Allow\",\n      \"Action\": [\n        \"ssm:GetParameters\",\n        \"secretsmanager:GetSecretValue\",\n        \"logs:PutLogEvents\",\n        \"logs:CreateLogStream\",\n        \"logs:CreateLogGroup\",\n        \"iam:PassRole\",\n        \"ecs:RunTask\",\n        \"ecr:UploadLayerPart\",\n        \"ecr:PutImage\",\n        \"ecr:InitiateLayerUpload\",\n        \"ecr:GetAuthorizationToken\",\n        \"ecr:CompleteLayerUpload\",\n        \"ecr:BatchCheckLayerAvailability\",\n        \"codecommit:GitPull\"\n      ],\n      \"Resource\": \"*\"\n    }\n  ]\n}",
            "minified_json": "{\"Version\":\"2012-10-17\",\"Statement\":[{\"Effect\":\"Allow\",\"Action\":[\"ssm:GetParameters\",\"secretsmanager:GetSecretValue\",\"logs:PutLogEvents\",\"logs:CreateLogStream\",\"logs:CreateLogGroup\",\"iam:PassRole\",\"ecs:RunTask\",\"ecr:UploadLayerPart\",\"ecr:PutImage\",\"ecr:InitiateLayerUpload\",\"ecr:GetAuthorizationToken\",\"ecr:CompleteLayerUpload\",\"ecr:BatchCheckLayerAvailability\",\"codecommit:GitPull\"],\"Resource\":\"*\"}]}",
            "override_json": null,
            "override_policy_documents": null,
            "policy_id": null,
            "source_json": null,
            "source_policy_documents": null,
            "statement": [
              {
                "actions": [
                  "codecommit:GitPull",
                  "ecr:BatchCheckLayerAvailability",
                  "ecr:CompleteLayerUpload",
                  "ecr:GetAuthorizationToken",
                  "ecr:InitiateLayerUpload",
                  "ecr:PutImage",
                  "ecr:UploadLayerPart",
                  "ecs:RunTask",
                  "iam:PassRole",
                  "logs:CreateLogGroup",
                  "logs:CreateLogStream",
                  "logs:PutLogEvents",
                  "secretsmanager:GetSecretValue",
                  "ssm:GetParameters"
                ],
                "condition": [],
                "effect": "Allow",
                "not_actions": [],
                "not_principals": [],
                "not_resources": [],
                "principals": [],
                "resources": [
                  "*"
                ],
                "sid": ""
              }
            ],
            "version": "2012-10-17"
          },
          "sensitive_attributes": []
        }
      ]
    },
    {
      "module": "module.ecs-codepipeline.module.codebuild",
      "mode": "data",
      "type": "aws_iam_policy_document",
      "name": "permissions_cache_bucket",
      "provider": "provider[\"registry.terraform.io/hashicorp/aws\"]",
      "instances": [
        {
          "index_key": 0,
          "schema_version": 0,
          "attributes": {
            "id": "2186984412",
            "json": "{\n  \"Version\": \"2012-10-17\",\n  \"Statement\": [\n    {\n      \"Effect\": \"Allow\",\n      \"Action\": \"s3:*\",\n      \"Resource\": [\n        \"arn:aws:s3:::build-mojnyujayspe/*\",\n        \"arn:aws:s3:::build-mojnyujayspe\"\n      ]\n    }\n  ]\n}",
            "minified_json": "{\"Version\":\"2012-10-17\",\"Statement\":[{\"Effect\":\"Allow\",\"Action\":\"s3:*\",\"Resource\":[\"arn:aws:s3:::build-mojnyujayspe/*\",\"arn:aws:s3:::build-mojnyujayspe\"]}]}",
            "override_json": null,
            "override_policy_documents": null,
            "policy_id": null,
            "source_json": null,
            "source_policy_documents": null,
            "statement": [
              {
                "actions": [
                  "s3:*"
                ],
                "condition": [],
                "effect": "Allow",
                "not_actions": [],
                "not_principals": [],
                "not_resources": [],
                "principals": [],
                "resources": [
                  "arn:aws:s3:::build-mojnyujayspe",
                  "arn:aws:s3:::build-mojnyujayspe/*"
                ],
                "sid": ""
              }
            ],
            "version": "2012-10-17"
          },
          "sensitive_attributes": []
        }
      ]
    },
    {
      "module": "module.ecs-codepipeline.module.codebuild",
      "mode": "data",
      "type": "aws_iam_policy_document",
      "name": "role",
      "provider": "provider[\"registry.terraform.io/hashicorp/aws\"]",
      "instances": [
        {
          "schema_version": 0,
          "attributes": {
            "id": "798424004",
            "json": "{\n  \"Version\": \"2012-10-17\",\n  \"Statement\": [\n    {\n      \"Effect\": \"Allow\",\n      \"Action\": \"sts:AssumeRole\",\n      \"Principal\": {\n        \"Service\": \"codebuild.amazonaws.com\"\n      },\n      \"Condition\": {\n        \"StringEquals\": {\n          \"aws:SourceArn\": \"arn:aws:codebuild:us-east-1:058264261029:project/build\"\n        }\n      }\n    }\n  ]\n}",
            "minified_json": "{\"Version\":\"2012-10-17\",\"Statement\":[{\"Effect\":\"Allow\",\"Action\":\"sts:AssumeRole\",\"Principal\":{\"Service\":\"codebuild.amazonaws.com\"},\"Condition\":{\"StringEquals\":{\"aws:SourceArn\":\"arn:aws:codebuild:us-east-1:058264261029:project/build\"}}}]}",
            "override_json": null,
            "override_policy_documents": null,
            "policy_id": null,
            "source_json": null,
            "source_policy_documents": null,
            "statement": [
              {
                "actions": [
                  "sts:AssumeRole"
                ],
                "condition": [
                  {
                    "test": "StringEquals",
                    "values": [
                      "arn:aws:codebuild:us-east-1:058264261029:project/build"
                    ],
                    "variable": "aws:SourceArn"
                  }
                ],
                "effect": "Allow",
                "not_actions": [],
                "not_principals": [],
                "not_resources": [],
                "principals": [
                  {
                    "identifiers": [
                      "codebuild.amazonaws.com"
                    ],
                    "type": "Service"
                  }
                ],
                "resources": [],
                "sid": ""
              }
            ],
            "version": "2012-10-17"
          },
          "sensitive_attributes": []
        }
      ]
    },
    {
      "module": "module.ecs-codepipeline.module.codebuild",
      "mode": "data",
      "type": "aws_iam_policy_document",
      "name": "vpc_permissions",
      "provider": "provider[\"registry.terraform.io/hashicorp/aws\"]",
      "instances": []
    },
    {
      "module": "module.ecs-codepipeline.module.codebuild",
      "mode": "data",
      "type": "aws_region",
      "name": "default",
      "provider": "provider[\"registry.terraform.io/hashicorp/aws\"]",
      "instances": [
        {
          "schema_version": 0,
          "attributes": {
            "description": "US East (N. Virginia)",
            "endpoint": "ec2.us-east-1.amazonaws.com",
            "id": "us-east-1",
            "name": "us-east-1"
          },
          "sensitive_attributes": []
        }
      ]
    },
    {
      "module": "module.ecs-codepipeline.module.codebuild",
      "mode": "data",
      "type": "aws_s3_bucket",
      "name": "secondary_artifact",
      "provider": "provider[\"registry.terraform.io/hashicorp/aws\"]",
      "instances": []
    },
    {
      "module": "module.ecs-codepipeline.module.codebuild",
      "mode": "managed",
      "type": "aws_codebuild_project",
      "name": "default",
      "provider": "provider[\"registry.terraform.io/hashicorp/aws\"]",
      "instances": [
        {
          "index_key": 0,
          "schema_version": 0,
          "attributes": {
            "arn": "arn:aws:codebuild:us-east-1:058264261029:project/build",
            "artifacts": [
              {
                "artifact_identifier": "",
                "bucket_owner_access": "",
                "encryption_disabled": false,
                "location": "",
                "name": "build",
                "namespace_type": "",
                "override_artifact_name": false,
                "packaging": "NONE",
                "path": "",
                "type": "CODEPIPELINE"
              }
            ],
            "badge_enabled": false,
            "badge_url": "",
            "build_batch_config": [],
            "build_timeout": 60,
            "cache": [
              {
                "location": "build-mojnyujayspe",
                "modes": [],
                "type": "S3"
              }
            ],
            "concurrent_build_limit": 0,
            "description": "Managed by Terraform",
            "encryption_key": "arn:aws:kms:us-east-1:058264261029:alias/aws/s3",
            "environment": [
              {
                "certificate": "",
                "compute_type": "BUILD_GENERAL1_SMALL",
                "environment_variable": [
                  {
                    "name": "AWS_REGION",
                    "type": "PLAINTEXT",
                    "value": "us-east-1"
                  },
                  {
                    "name": "AWS_ACCOUNT_ID",
                    "type": "PLAINTEXT",
                    "value": "058264261029"
                  },
                  {
                    "name": "IMAGE_REPO_NAME",
                    "type": "PLAINTEXT",
                    "value": "bhuang-devops/go-simplehttp-blue-green"
                  },
                  {
                    "name": "IMAGE_TAG",
                    "type": "PLAINTEXT",
                    "value": "latest"
                  }
                ],
                "fleet": [],
                "image": "aws/codebuild/amazonlinux2-x86_64-standard:5.0",
                "image_pull_credentials_type": "CODEBUILD",
                "privileged_mode": false,
                "registry_credential": [],
                "type": "LINUX_CONTAINER"
              }
            ],
            "file_system_locations": [],
            "id": "arn:aws:codebuild:us-east-1:058264261029:project/build",
            "logs_config": [
              {
                "cloudwatch_logs": [
                  {
                    "group_name": "",
                    "status": "ENABLED",
                    "stream_name": ""
                  }
                ],
                "s3_logs": [
                  {
                    "bucket_owner_access": "",
                    "encryption_disabled": false,
                    "location": "",
                    "status": "DISABLED"
                  }
                ]
              }
            ],
            "name": "build",
            "project_visibility": "PRIVATE",
            "public_project_alias": "",
            "queued_timeout": 480,
            "resource_access_role": "",
            "secondary_artifacts": [],
            "secondary_source_version": [],
            "secondary_sources": [],
            "service_role": "arn:aws:iam::058264261029:role/build",
            "source": [
              {
                "build_status_config": [],
                "buildspec": "",
                "git_clone_depth": 0,
                "git_submodules_config": [],
                "insecure_ssl": false,
                "location": "",
                "report_build_status": false,
                "type": "CODEPIPELINE"
              }
            ],
            "source_version": "",
            "tags": {
              "Attributes": "build",
              "Name": "build"
            },
            "tags_all": {
              "Attributes": "build",
              "Name": "build"
            },
            "vpc_config": []
          },
          "sensitive_attributes": [],
          "private": "bnVsbA==",
          "dependencies": [
            "module.ecs-codepipeline.data.aws_caller_identity.default",
            "module.ecs-codepipeline.data.aws_region.default",
            "module.ecs-codepipeline.module.codebuild.aws_iam_role.default",
            "module.ecs-codepipeline.module.codebuild.aws_s3_bucket.cache_bucket",
            "module.ecs-codepipeline.module.codebuild.data.aws_caller_identity.default",
            "module.ecs-codepipeline.module.codebuild.data.aws_iam_policy_document.role",
            "module.ecs-codepipeline.module.codebuild.data.aws_region.default",
            "module.ecs-codepipeline.module.codebuild.random_string.bucket_prefix"
          ]
        }
      ]
    },
    {
      "module": "module.ecs-codepipeline.module.codebuild",
      "mode": "managed",
      "type": "aws_iam_policy",
      "name": "default",
      "provider": "provider[\"registry.terraform.io/hashicorp/aws\"]",
      "instances": [
        {
          "index_key": 0,
          "schema_version": 0,
          "attributes": {
            "arn": "arn:aws:iam::058264261029:policy/service-role/build",
            "attachment_count": 1,
            "description": "",
            "id": "arn:aws:iam::058264261029:policy/service-role/build",
            "name": "build",
            "name_prefix": "",
            "path": "/service-role/",
            "policy": "{\"Statement\":[{\"Action\":[\"ssm:GetParameters\",\"secretsmanager:GetSecretValue\",\"logs:PutLogEvents\",\"logs:CreateLogStream\",\"logs:CreateLogGroup\",\"iam:PassRole\",\"ecs:RunTask\",\"ecr:UploadLayerPart\",\"ecr:PutImage\",\"ecr:InitiateLayerUpload\",\"ecr:GetAuthorizationToken\",\"ecr:CompleteLayerUpload\",\"ecr:BatchCheckLayerAvailability\",\"codecommit:GitPull\"],\"Effect\":\"Allow\",\"Resource\":\"*\"}],\"Version\":\"2012-10-17\"}",
            "policy_id": "ANPAQ3EGSCGS33OWRFRPP",
            "tags": {
              "Attributes": "build",
              "Name": "build"
            },
            "tags_all": {
              "Attributes": "build",
              "Name": "build"
            }
          },
          "sensitive_attributes": [],
          "private": "bnVsbA==",
          "dependencies": [
            "module.ecs-codepipeline.data.aws_caller_identity.default",
            "module.ecs-codepipeline.data.aws_region.default",
            "module.ecs-codepipeline.module.codebuild.data.aws_caller_identity.default",
            "module.ecs-codepipeline.module.codebuild.data.aws_iam_policy_document.combined_permissions",
            "module.ecs-codepipeline.module.codebuild.data.aws_iam_policy_document.permissions",
            "module.ecs-codepipeline.module.codebuild.data.aws_iam_policy_document.vpc_permissions",
            "module.ecs-codepipeline.module.codebuild.data.aws_region.default",
            "module.ecs-codepipeline.module.codebuild.data.aws_s3_bucket.secondary_artifact"
          ]
        }
      ]
    },
    {
      "module": "module.ecs-codepipeline.module.codebuild",
      "mode": "managed",
      "type": "aws_iam_policy",
      "name": "default_cache_bucket",
      "provider": "provider[\"registry.terraform.io/hashicorp/aws\"]",
      "instances": [
        {
          "index_key": 0,
          "schema_version": 0,
          "attributes": {
            "arn": "arn:aws:iam::058264261029:policy/service-role/build-cache-bucket",
            "attachment_count": 1,
            "description": "",
            "id": "arn:aws:iam::058264261029:policy/service-role/build-cache-bucket",
            "name": "build-cache-bucket",
            "name_prefix": "",
            "path": "/service-role/",
            "policy": "{\"Statement\":[{\"Action\":\"s3:*\",\"Effect\":\"Allow\",\"Resource\":[\"arn:aws:s3:::build-mojnyujayspe/*\",\"arn:aws:s3:::build-mojnyujayspe\"]}],\"Version\":\"2012-10-17\"}",
            "policy_id": "ANPAQ3EGSCGS2QDMB7CU7",
            "tags": {
              "Attributes": "build",
              "Name": "build"
            },
            "tags_all": {
              "Attributes": "build",
              "Name": "build"
            }
          },
          "sensitive_attributes": [],
          "private": "bnVsbA==",
          "dependencies": [
            "module.ecs-codepipeline.module.codebuild.aws_s3_bucket.cache_bucket",
            "module.ecs-codepipeline.module.codebuild.data.aws_iam_policy_document.permissions_cache_bucket",
            "module.ecs-codepipeline.module.codebuild.random_string.bucket_prefix"
          ]
        }
      ]
    },
    {
      "module": "module.ecs-codepipeline.module.codebuild",
      "mode": "managed",
      "type": "aws_iam_role",
      "name": "default",
      "provider": "provider[\"registry.terraform.io/hashicorp/aws\"]",
      "instances": [
        {
          "index_key": 0,
          "schema_version": 0,
          "attributes": {
            "arn": "arn:aws:iam::058264261029:role/build",
            "assume_role_policy": "{\"Statement\":[{\"Action\":\"sts:AssumeRole\",\"Condition\":{\"StringEquals\":{\"aws:SourceArn\":\"arn:aws:codebuild:us-east-1:058264261029:project/build\"}},\"Effect\":\"Allow\",\"Principal\":{\"Service\":\"codebuild.amazonaws.com\"}}],\"Version\":\"2012-10-17\"}",
            "create_date": "2024-11-18T09:25:59Z",
            "description": "",
            "force_detach_policies": true,
            "id": "build",
            "inline_policy": [],
            "managed_policy_arns": [
              "arn:aws:iam::058264261029:policy/service-role/build",
              "arn:aws:iam::058264261029:policy/service-role/build-cache-bucket"
            ],
            "max_session_duration": 3600,
            "name": "build",
            "name_prefix": "",
            "path": "/",
            "permissions_boundary": "",
            "tags": {
              "Attributes": "build",
              "Name": "build"
            },
            "tags_all": {
              "Attributes": "build",
              "Name": "build"
            },
            "unique_id": "AROAQ3EGSCGS6MWIDUHBH"
          },
          "sensitive_attributes": [],
          "private": "bnVsbA==",
          "dependencies": [
            "module.ecs-codepipeline.data.aws_caller_identity.default",
            "module.ecs-codepipeline.data.aws_region.default",
            "module.ecs-codepipeline.module.codebuild.data.aws_caller_identity.default",
            "module.ecs-codepipeline.module.codebuild.data.aws_iam_policy_document.role",
            "module.ecs-codepipeline.module.codebuild.data.aws_region.default"
          ]
        }
      ]
    },
    {
      "module": "module.ecs-codepipeline.module.codebuild",
      "mode": "managed",
      "type": "aws_iam_role_policy_attachment",
      "name": "default",
      "provider": "provider[\"registry.terraform.io/hashicorp/aws\"]",
      "instances": [
        {
          "index_key": 0,
          "schema_version": 0,
          "attributes": {
            "id": "build-20241118092600394600000001",
            "policy_arn": "arn:aws:iam::058264261029:policy/service-role/build",
            "role": "build"
          },
          "sensitive_attributes": [],
          "private": "bnVsbA==",
          "dependencies": [
            "module.ecs-codepipeline.data.aws_caller_identity.default",
            "module.ecs-codepipeline.data.aws_region.default",
            "module.ecs-codepipeline.module.codebuild.aws_iam_policy.default",
            "module.ecs-codepipeline.module.codebuild.aws_iam_role.default",
            "module.ecs-codepipeline.module.codebuild.data.aws_caller_identity.default",
            "module.ecs-codepipeline.module.codebuild.data.aws_iam_policy_document.combined_permissions",
            "module.ecs-codepipeline.module.codebuild.data.aws_iam_policy_document.permissions",
            "module.ecs-codepipeline.module.codebuild.data.aws_iam_policy_document.role",
            "module.ecs-codepipeline.module.codebuild.data.aws_iam_policy_document.vpc_permissions",
            "module.ecs-codepipeline.module.codebuild.data.aws_region.default",
            "module.ecs-codepipeline.module.codebuild.data.aws_s3_bucket.secondary_artifact"
          ]
        }
      ]
    },
    {
      "module": "module.ecs-codepipeline.module.codebuild",
      "mode": "managed",
      "type": "aws_iam_role_policy_attachment",
      "name": "default_cache_bucket",
      "provider": "provider[\"registry.terraform.io/hashicorp/aws\"]",
      "instances": [
        {
          "index_key": 0,
          "schema_version": 0,
          "attributes": {
            "id": "build-20241118092608728400000003",
            "policy_arn": "arn:aws:iam::058264261029:policy/service-role/build-cache-bucket",
            "role": "build"
          },
          "sensitive_attributes": [],
          "private": "bnVsbA==",
          "dependencies": [
            "module.ecs-codepipeline.data.aws_caller_identity.default",
            "module.ecs-codepipeline.data.aws_region.default",
            "module.ecs-codepipeline.module.codebuild.aws_iam_policy.default_cache_bucket",
            "module.ecs-codepipeline.module.codebuild.aws_iam_role.default",
            "module.ecs-codepipeline.module.codebuild.aws_s3_bucket.cache_bucket",
            "module.ecs-codepipeline.module.codebuild.data.aws_caller_identity.default",
            "module.ecs-codepipeline.module.codebuild.data.aws_iam_policy_document.permissions_cache_bucket",
            "module.ecs-codepipeline.module.codebuild.data.aws_iam_policy_document.role",
            "module.ecs-codepipeline.module.codebuild.data.aws_region.default",
            "module.ecs-codepipeline.module.codebuild.random_string.bucket_prefix"
          ]
        }
      ]
    },
    {
      "module": "module.ecs-codepipeline.module.codebuild",
      "mode": "managed",
      "type": "aws_s3_bucket",
      "name": "cache_bucket",
      "provider": "provider[\"registry.terraform.io/hashicorp/aws\"]",
      "instances": [
        {
          "index_key": 0,
          "schema_version": 0,
          "attributes": {
            "acceleration_status": "",
            "acl": null,
            "arn": "arn:aws:s3:::build-mojnyujayspe",
            "bucket": "build-mojnyujayspe",
            "bucket_domain_name": "build-mojnyujayspe.s3.amazonaws.com",
            "bucket_prefix": "",
            "bucket_regional_domain_name": "build-mojnyujayspe.s3.us-east-1.amazonaws.com",
            "cors_rule": [],
            "force_destroy": true,
            "grant": [
              {
                "id": "a15ce0729c9bfb0b38680cc93a9fa6fe488d6d41ae2b4c66e617eb0052a25841",
                "permissions": [
                  "FULL_CONTROL"
                ],
                "type": "CanonicalUser",
                "uri": ""
              }
            ],
            "hosted_zone_id": "Z3AQBSTGFYJSTF",
            "id": "build-mojnyujayspe",
            "lifecycle_rule": [
              {
                "abort_incomplete_multipart_upload_days": 0,
                "enabled": true,
                "expiration": [
                  {
                    "date": "",
                    "days": 7,
                    "expired_object_delete_marker": false
                  }
                ],
                "id": "codebuildcache",
                "noncurrent_version_expiration": [],
                "noncurrent_version_transition": [],
                "prefix": "/",
                "tags": {},
                "transition": []
              }
            ],
            "logging": [],
            "object_lock_configuration": [],
            "object_lock_enabled": false,
            "policy": "",
            "region": "us-east-1",
            "replication_configuration": [],
            "request_payer": "BucketOwner",
            "server_side_encryption_configuration": [
              {
                "rule": [
                  {
                    "apply_server_side_encryption_by_default": [
                      {
                        "kms_master_key_id": "",
                        "sse_algorithm": "AES256"
                      }
                    ],
                    "bucket_key_enabled": false
                  }
                ]
              }
            ],
            "tags": {
              "Attributes": "build",
              "Name": "build"
            },
            "tags_all": {
              "Attributes": "build",
              "Name": "build"
            },
            "timeouts": null,
            "versioning": [
              {
                "enabled": true,
                "mfa_delete": false
              }
            ],
            "website": [],
            "website_domain": null,
            "website_endpoint": null
          },
          "sensitive_attributes": [],
          "private": "eyJlMmJmYjczMC1lY2FhLTExZTYtOGY4OC0zNDM2M2JjN2M0YzAiOnsiY3JlYXRlIjoxMjAwMDAwMDAwMDAwLCJkZWxldGUiOjM2MDAwMDAwMDAwMDAsInJlYWQiOjEyMDAwMDAwMDAwMDAsInVwZGF0ZSI6MTIwMDAwMDAwMDAwMH19",
          "dependencies": [
            "module.ecs-codepipeline.module.codebuild.random_string.bucket_prefix"
          ]
        }
      ]
    },
    {
      "module": "module.ecs-codepipeline.module.codebuild",
      "mode": "managed",
      "type": "aws_s3_bucket_acl",
      "name": "default",
      "provider": "provider[\"registry.terraform.io/hashicorp/aws\"]",
      "instances": [
        {
          "index_key": 0,
          "schema_version": 0,
          "attributes": {
            "access_control_policy": [
              {
                "grant": [
                  {
                    "grantee": [
                      {
                        "display_name": "codewithbiao",
                        "email_address": "",
                        "id": "a15ce0729c9bfb0b38680cc93a9fa6fe488d6d41ae2b4c66e617eb0052a25841",
                        "type": "CanonicalUser",
                        "uri": ""
                      }
                    ],
                    "permission": "FULL_CONTROL"
                  }
                ],
                "owner": [
                  {
                    "display_name": "codewithbiao",
                    "id": "a15ce0729c9bfb0b38680cc93a9fa6fe488d6d41ae2b4c66e617eb0052a25841"
                  }
                ]
              }
            ],
            "acl": "private",
            "bucket": "build-mojnyujayspe",
            "expected_bucket_owner": "",
            "id": "build-mojnyujayspe,private"
          },
          "sensitive_attributes": [],
          "private": "bnVsbA==",
          "dependencies": [
            "module.ecs-codepipeline.module.codebuild.aws_s3_bucket.cache_bucket",
            "module.ecs-codepipeline.module.codebuild.aws_s3_bucket_ownership_controls.s3_bucket_acl_ownership",
            "module.ecs-codepipeline.module.codebuild.random_string.bucket_prefix"
          ]
        }
      ]
    },
    {
      "module": "module.ecs-codepipeline.module.codebuild",
      "mode": "managed",
      "type": "aws_s3_bucket_lifecycle_configuration",
      "name": "default",
      "provider": "provider[\"registry.terraform.io/hashicorp/aws\"]",
      "instances": [
        {
          "index_key": 0,
          "schema_version": 0,
          "attributes": {
            "bucket": "build-mojnyujayspe",
            "expected_bucket_owner": "",
            "id": "build-mojnyujayspe",
            "rule": [
              {
                "abort_incomplete_multipart_upload": [],
                "expiration": [
                  {
                    "date": "",
                    "days": 7,
                    "expired_object_delete_marker": false
                  }
                ],
                "filter": [
                  {
                    "and": [],
                    "object_size_greater_than": "",
                    "object_size_less_than": "",
                    "prefix": "/",
                    "tag": []
                  }
                ],
                "id": "codebuildcache",
                "noncurrent_version_expiration": [],
                "noncurrent_version_transition": [],
                "prefix": "",
                "status": "Enabled",
                "transition": []
              }
            ],
            "timeouts": null,
            "transition_default_minimum_object_size": "all_storage_classes_128K"
          },
          "sensitive_attributes": [],
          "private": "eyJlMmJmYjczMC1lY2FhLTExZTYtOGY4OC0zNDM2M2JjN2M0YzAiOnsiY3JlYXRlIjoxODAwMDAwMDAwMDAsInVwZGF0ZSI6MTgwMDAwMDAwMDAwfX0=",
          "dependencies": [
            "module.ecs-codepipeline.module.codebuild.aws_s3_bucket.cache_bucket",
            "module.ecs-codepipeline.module.codebuild.random_string.bucket_prefix"
          ]
        }
      ]
    },
    {
      "module": "module.ecs-codepipeline.module.codebuild",
      "mode": "managed",
      "type": "aws_s3_bucket_ownership_controls",
      "name": "s3_bucket_acl_ownership",
      "provider": "provider[\"registry.terraform.io/hashicorp/aws\"]",
      "instances": [
        {
          "index_key": 0,
          "schema_version": 0,
          "attributes": {
            "bucket": "build-mojnyujayspe",
            "id": "build-mojnyujayspe",
            "rule": [
              {
                "object_ownership": "BucketOwnerPreferred"
              }
            ]
          },
          "sensitive_attributes": [],
          "private": "bnVsbA==",
          "dependencies": [
            "module.ecs-codepipeline.module.codebuild.aws_s3_bucket.cache_bucket",
            "module.ecs-codepipeline.module.codebuild.random_string.bucket_prefix"
          ]
        }
      ]
    },
    {
      "module": "module.ecs-codepipeline.module.codebuild",
      "mode": "managed",
      "type": "aws_s3_bucket_public_access_block",
      "name": "default",
      "provider": "provider[\"registry.terraform.io/hashicorp/aws\"]",
      "instances": [
        {
          "index_key": 0,
          "schema_version": 0,
          "attributes": {
            "block_public_acls": true,
            "block_public_policy": true,
            "bucket": "build-mojnyujayspe",
            "id": "build-mojnyujayspe",
            "ignore_public_acls": true,
            "restrict_public_buckets": true
          },
          "sensitive_attributes": [],
          "private": "bnVsbA==",
          "dependencies": [
            "module.ecs-codepipeline.module.codebuild.aws_s3_bucket.cache_bucket",
            "module.ecs-codepipeline.module.codebuild.random_string.bucket_prefix"
          ]
        }
      ]
    },
    {
      "module": "module.ecs-codepipeline.module.codebuild",
      "mode": "managed",
      "type": "aws_s3_bucket_server_side_encryption_configuration",
      "name": "default",
      "provider": "provider[\"registry.terraform.io/hashicorp/aws\"]",
      "instances": [
        {
          "index_key": 0,
          "schema_version": 0,
          "attributes": {
            "bucket": "build-mojnyujayspe",
            "expected_bucket_owner": "",
            "id": "build-mojnyujayspe",
            "rule": [
              {
                "apply_server_side_encryption_by_default": [
                  {
                    "kms_master_key_id": "",
                    "sse_algorithm": "AES256"
                  }
                ],
                "bucket_key_enabled": false
              }
            ]
          },
          "sensitive_attributes": [],
          "private": "bnVsbA==",
          "dependencies": [
            "module.ecs-codepipeline.module.codebuild.aws_s3_bucket.cache_bucket",
            "module.ecs-codepipeline.module.codebuild.random_string.bucket_prefix"
          ]
        }
      ]
    },
    {
      "module": "module.ecs-codepipeline.module.codebuild",
      "mode": "managed",
      "type": "aws_s3_bucket_versioning",
      "name": "default",
      "provider": "provider[\"registry.terraform.io/hashicorp/aws\"]",
      "instances": [
        {
          "index_key": 0,
          "schema_version": 0,
          "attributes": {
            "bucket": "build-mojnyujayspe",
            "expected_bucket_owner": "",
            "id": "build-mojnyujayspe",
            "mfa": null,
            "versioning_configuration": [
              {
                "mfa_delete": "",
                "status": "Enabled"
              }
            ]
          },
          "sensitive_attributes": [],
          "private": "bnVsbA==",
          "dependencies": [
            "module.ecs-codepipeline.module.codebuild.aws_s3_bucket.cache_bucket",
            "module.ecs-codepipeline.module.codebuild.random_string.bucket_prefix"
          ]
        }
      ]
    },
    {
      "module": "module.ecs-codepipeline.module.codebuild",
      "mode": "managed",
      "type": "random_string",
      "name": "bucket_prefix",
      "provider": "provider[\"registry.terraform.io/hashicorp/random\"]",
      "instances": [
        {
          "index_key": 0,
          "schema_version": 2,
          "attributes": {
            "id": "mojnyujayspe",
            "keepers": null,
            "length": 12,
            "lower": true,
            "min_lower": 0,
            "min_numeric": 0,
            "min_special": 0,
            "min_upper": 0,
            "number": false,
            "numeric": false,
            "override_special": null,
            "result": "mojnyujayspe",
            "special": false,
            "upper": false
          },
          "sensitive_attributes": []
        }
      ]
    }
  ],
  "check_results": [
    {
      "object_kind": "var",
      "config_addr": "module.ecs-codepipeline.module.codepipeline_s3_policy_label.var.context",
      "status": "pass",
      "objects": [
        {
          "object_addr": "module.ecs-codepipeline.module.codepipeline_s3_policy_label.var.context",
          "status": "pass"
        }
      ]
    },
    {
      "object_kind": "var",
      "config_addr": "module.ecs-codepipeline.module.codebuild.var.custom_policy",
      "status": "pass",
      "objects": [
        {
          "object_addr": "module.ecs-codepipeline.module.codebuild.var.custom_policy",
          "status": "pass"
        }
      ]
    },
    {
      "object_kind": "var",
      "config_addr": "module.ecs-codepipeline.module.codestar_label.var.id_length_limit",
      "status": "pass",
      "objects": [
        {
          "object_addr": "module.ecs-codepipeline.module.codestar_label.var.id_length_limit",
          "status": "pass"
        }
      ]
    },
    {
      "object_kind": "var",
      "config_addr": "module.ecs-codepipeline.module.codebuild.var.label_key_case",
      "status": "pass",
      "objects": [
        {
          "object_addr": "module.ecs-codepipeline.module.codebuild.var.label_key_case",
          "status": "pass"
        }
      ]
    },
    {
      "object_kind": "var",
      "config_addr": "module.ecs-codepipeline.var.label_key_case",
      "status": "pass",
      "objects": [
        {
          "object_addr": "module.ecs-codepipeline.var.label_key_case",
          "status": "pass"
        }
      ]
    },
    {
      "object_kind": "var",
      "config_addr": "module.ecs-codepipeline.module.codepipeline_s3_policy_label.var.id_length_limit",
      "status": "pass",
      "objects": [
        {
          "object_addr": "module.ecs-codepipeline.module.codepipeline_s3_policy_label.var.id_length_limit",
          "status": "pass"
        }
      ]
    },
    {
      "object_kind": "var",
      "config_addr": "module.ecs-codepipeline.module.codepipeline_assume_role_label.var.label_value_case",
      "status": "pass",
      "objects": [
        {
          "object_addr": "module.ecs-codepipeline.module.codepipeline_assume_role_label.var.label_value_case",
          "status": "pass"
        }
      ]
    },
    {
      "object_kind": "var",
      "config_addr": "module.ecs-codepipeline.module.codebuild.var.label_value_case",
      "status": "pass",
      "objects": [
        {
          "object_addr": "module.ecs-codepipeline.module.codebuild.var.label_value_case",
          "status": "pass"
        }
      ]
    },
    {
      "object_kind": "var",
      "config_addr": "module.ecs-codepipeline.module.codebuild.module.this.var.id_length_limit",
      "status": "pass",
      "objects": [
        {
          "object_addr": "module.ecs-codepipeline.module.codebuild.module.this.var.id_length_limit",
          "status": "pass"
        }
      ]
    },
    {
      "object_kind": "var",
      "config_addr": "module.ecs-codepipeline.var.id_length_limit",
      "status": "pass",
      "objects": [
        {
          "object_addr": "module.ecs-codepipeline.var.id_length_limit",
          "status": "pass"
        }
      ]
    },
    {
      "object_kind": "var",
      "config_addr": "module.ecs-codepipeline.module.codepipeline_s3_policy_label.var.label_value_case",
      "status": "pass",
      "objects": [
        {
          "object_addr": "module.ecs-codepipeline.module.codepipeline_s3_policy_label.var.label_value_case",
          "status": "pass"
        }
      ]
    },
    {
      "object_kind": "var",
      "config_addr": "module.ecs-codepipeline.module.github_webhooks.module.this.var.context",
      "status": "pass",
      "objects": [
        {
          "object_addr": "module.ecs-codepipeline.module.github_webhooks.module.this.var.context",
          "status": "pass"
        }
      ]
    },
    {
      "object_kind": "var",
      "config_addr": "module.ecs-codepipeline.module.codebuild_label.var.context",
      "status": "pass",
      "objects": [
        {
          "object_addr": "module.ecs-codepipeline.module.codebuild_label.var.context",
          "status": "pass"
        }
      ]
    },
    {
      "object_kind": "var",
      "config_addr": "module.ecs-codepipeline.module.codebuild_label.var.label_key_case",
      "status": "pass",
      "objects": [
        {
          "object_addr": "module.ecs-codepipeline.module.codebuild_label.var.label_key_case",
          "status": "pass"
        }
      ]
    },
    {
      "object_kind": "var",
      "config_addr": "module.ecs-codepipeline.module.codebuild_label.var.id_length_limit",
      "status": "pass",
      "objects": [
        {
          "object_addr": "module.ecs-codepipeline.module.codebuild_label.var.id_length_limit",
          "status": "pass"
        }
      ]
    },
    {
      "object_kind": "var",
      "config_addr": "module.ecs-codepipeline.module.codepipeline_assume_role_label.var.context",
      "status": "pass",
      "objects": [
        {
          "object_addr": "module.ecs-codepipeline.module.codepipeline_assume_role_label.var.context",
          "status": "pass"
        }
      ]
    },
    {
      "object_kind": "var",
      "config_addr": "module.ecs-codepipeline.module.github_webhooks.var.context",
      "status": "pass",
      "objects": [
        {
          "object_addr": "module.ecs-codepipeline.module.github_webhooks.var.context",
          "status": "pass"
        }
      ]
    },
    {
      "object_kind": "var",
      "config_addr": "module.ecs-codepipeline.module.codebuild.var.id_length_limit",
      "status": "pass",
      "objects": [
        {
          "object_addr": "module.ecs-codepipeline.module.codebuild.var.id_length_limit",
          "status": "pass"
        }
      ]
    },
    {
      "object_kind": "var",
      "config_addr": "module.ecs-codepipeline.module.this.var.label_value_case",
      "status": "pass",
      "objects": [
        {
          "object_addr": "module.ecs-codepipeline.module.this.var.label_value_case",
          "status": "pass"
        }
      ]
    },
    {
      "object_kind": "var",
      "config_addr": "module.ecs-codepipeline.module.codepipeline_assume_role_label.var.label_key_case",
      "status": "pass",
      "objects": [
        {
          "object_addr": "module.ecs-codepipeline.module.codepipeline_assume_role_label.var.label_key_case",
          "status": "pass"
        }
      ]
    },
    {
      "object_kind": "var",
      "config_addr": "module.ecs-codepipeline.module.github_webhooks.module.this.var.label_key_case",
      "status": "pass",
      "objects": [
        {
          "object_addr": "module.ecs-codepipeline.module.github_webhooks.module.this.var.label_key_case",
          "status": "pass"
        }
      ]
    },
    {
      "object_kind": "var",
      "config_addr": "module.ecs-codepipeline.var.context",
      "status": "pass",
      "objects": [
        {
          "object_addr": "module.ecs-codepipeline.var.context",
          "status": "pass"
        }
      ]
    },
    {
      "object_kind": "var",
      "config_addr": "module.ecs-codepipeline.module.github_webhooks.var.label_value_case",
      "status": "pass",
      "objects": [
        {
          "object_addr": "module.ecs-codepipeline.module.github_webhooks.var.label_value_case",
          "status": "pass"
        }
      ]
    },
    {
      "object_kind": "var",
      "config_addr": "module.ecs-codepipeline.module.this.var.context",
      "status": "pass",
      "objects": [
        {
          "object_addr": "module.ecs-codepipeline.module.this.var.context",
          "status": "pass"
        }
      ]
    },
    {
      "object_kind": "var",
      "config_addr": "module.ecs-codepipeline.module.codestar_label.var.label_key_case",
      "status": "pass",
      "objects": [
        {
          "object_addr": "module.ecs-codepipeline.module.codestar_label.var.label_key_case",
          "status": "pass"
        }
      ]
    },
    {
      "object_kind": "var",
      "config_addr": "module.ecs-codepipeline.var.label_value_case",
      "status": "pass",
      "objects": [
        {
          "object_addr": "module.ecs-codepipeline.var.label_value_case",
          "status": "pass"
        }
      ]
    },
    {
      "object_kind": "var",
      "config_addr": "module.ecs-codepipeline.module.codepipeline_s3_policy_label.var.label_key_case",
      "status": "pass",
      "objects": [
        {
          "object_addr": "module.ecs-codepipeline.module.codepipeline_s3_policy_label.var.label_key_case",
          "status": "pass"
        }
      ]
    },
    {
      "object_kind": "var",
      "config_addr": "module.ecs-codepipeline.module.codepipeline_label.var.id_length_limit",
      "status": "pass",
      "objects": [
        {
          "object_addr": "module.ecs-codepipeline.module.codepipeline_label.var.id_length_limit",
          "status": "pass"
        }
      ]
    },
    {
      "object_kind": "var",
      "config_addr": "module.ecs-codepipeline.module.codestar_label.var.label_value_case",
      "status": "pass",
      "objects": [
        {
          "object_addr": "module.ecs-codepipeline.module.codestar_label.var.label_value_case",
          "status": "pass"
        }
      ]
    },
    {
      "object_kind": "var",
      "config_addr": "module.ecs-codepipeline.module.this.var.label_key_case",
      "status": "pass",
      "objects": [
        {
          "object_addr": "module.ecs-codepipeline.module.this.var.label_key_case",
          "status": "pass"
        }
      ]
    },
    {
      "object_kind": "var",
      "config_addr": "module.ecs-codepipeline.module.codepipeline_label.var.context",
      "status": "pass",
      "objects": [
        {
          "object_addr": "module.ecs-codepipeline.module.codepipeline_label.var.context",
          "status": "pass"
        }
      ]
    },
    {
      "object_kind": "var",
      "config_addr": "module.ecs-codepipeline.module.codebuild.var.context",
      "status": "pass",
      "objects": [
        {
          "object_addr": "module.ecs-codepipeline.module.codebuild.var.context",
          "status": "pass"
        }
      ]
    },
    {
      "object_kind": "var",
      "config_addr": "module.ecs-codepipeline.module.this.var.id_length_limit",
      "status": "pass",
      "objects": [
        {
          "object_addr": "module.ecs-codepipeline.module.this.var.id_length_limit",
          "status": "pass"
        }
      ]
    },
    {
      "object_kind": "var",
      "config_addr": "module.ecs-codepipeline.module.codebuild.module.this.var.label_value_case",
      "status": "pass",
      "objects": [
        {
          "object_addr": "module.ecs-codepipeline.module.codebuild.module.this.var.label_value_case",
          "status": "pass"
        }
      ]
    },
    {
      "object_kind": "var",
      "config_addr": "module.ecs-codepipeline.module.github_webhooks.module.this.var.id_length_limit",
      "status": "pass",
      "objects": [
        {
          "object_addr": "module.ecs-codepipeline.module.github_webhooks.module.this.var.id_length_limit",
          "status": "pass"
        }
      ]
    },
    {
      "object_kind": "var",
      "config_addr": "module.ecs-codepipeline.module.codepipeline_label.var.label_key_case",
      "status": "pass",
      "objects": [
        {
          "object_addr": "module.ecs-codepipeline.module.codepipeline_label.var.label_key_case",
          "status": "pass"
        }
      ]
    },
    {
      "object_kind": "var",
      "config_addr": "module.ecs-codepipeline.module.github_webhooks.var.id_length_limit",
      "status": "pass",
      "objects": [
        {
          "object_addr": "module.ecs-codepipeline.module.github_webhooks.var.id_length_limit",
          "status": "pass"
        }
      ]
    },
    {
      "object_kind": "resource",
      "config_addr": "module.ecs-codepipeline.module.codebuild.data.aws_iam_policy_document.permissions",
      "status": "unknown",
      "objects": [
        {
          "object_addr": "module.ecs-codepipeline.module.codebuild.data.aws_iam_policy_document.permissions[0]",
          "status": "unknown"
        }
      ]
    },
    {
      "object_kind": "var",
      "config_addr": "module.ecs-codepipeline.module.codestar_label.var.context",
      "status": "pass",
      "objects": [
        {
          "object_addr": "module.ecs-codepipeline.module.codestar_label.var.context",
          "status": "pass"
        }
      ]
    },
    {
      "object_kind": "var",
      "config_addr": "module.ecs-codepipeline.module.github_webhooks.var.label_key_case",
      "status": "pass",
      "objects": [
        {
          "object_addr": "module.ecs-codepipeline.module.github_webhooks.var.label_key_case",
          "status": "pass"
        }
      ]
    },
    {
      "object_kind": "var",
      "config_addr": "module.ecs-codepipeline.module.codepipeline_label.var.label_value_case",
      "status": "pass",
      "objects": [
        {
          "object_addr": "module.ecs-codepipeline.module.codepipeline_label.var.label_value_case",
          "status": "pass"
        }
      ]
    },
    {
      "object_kind": "var",
      "config_addr": "module.ecs-codepipeline.module.codebuild.module.this.var.context",
      "status": "pass",
      "objects": [
        {
          "object_addr": "module.ecs-codepipeline.module.codebuild.module.this.var.context",
          "status": "pass"
        }
      ]
    },
    {
      "object_kind": "var",
      "config_addr": "module.ecs-codepipeline.module.codebuild.module.this.var.label_key_case",
      "status": "pass",
      "objects": [
        {
          "object_addr": "module.ecs-codepipeline.module.codebuild.module.this.var.label_key_case",
          "status": "pass"
        }
      ]
    },
    {
      "object_kind": "var",
      "config_addr": "module.ecs-codepipeline.module.github_webhooks.module.this.var.label_value_case",
      "status": "pass",
      "objects": [
        {
          "object_addr": "module.ecs-codepipeline.module.github_webhooks.module.this.var.label_value_case",
          "status": "pass"
        }
      ]
    },
    {
      "object_kind": "var",
      "config_addr": "module.ecs-codepipeline.module.codepipeline_assume_role_label.var.id_length_limit",
      "status": "pass",
      "objects": [
        {
          "object_addr": "module.ecs-codepipeline.module.codepipeline_assume_role_label.var.id_length_limit",
          "status": "pass"
        }
      ]
    },
    {
      "object_kind": "var",
      "config_addr": "module.ecs-codepipeline.module.codebuild_label.var.label_value_case",
      "status": "pass",
      "objects": [
        {
          "object_addr": "module.ecs-codepipeline.module.codebuild_label.var.label_value_case",
          "status": "pass"
        }
      ]
    }
  ]
}
