{
  "version": 4,
  "terraform_version": "1.9.2",
  "serial": 209,
  "lineage": "a30b5f3c-dada-5dd4-4b68-49cd8b57c3a0",
  "outputs": {
    "alb_sg": {
      "value": "sg-032425aa2127d8848",
      "type": "string"
    },
    "arn": {
      "value": "arn:aws:elasticloadbalancing:us-west-2:058264261029:loadbalancer/app/sap-dev-alb/6266a0afeb663a8b",
      "type": "string"
    },
    "arn_suffix": {
      "value": "app/sap-dev-alb/6266a0afeb663a8b",
      "type": "string"
    },
    "cloud_watch_arn": {
      "value": "arn:aws:events:us-west-2:058264261029:rule/trigger-lambda-function",
      "type": "string"
    },
    "cloud_watch_id": {
      "value": "trigger-lambda-function",
      "type": "string"
    },
    "default_vpc_id": {
      "value": "vpc-00d6be1c5a16dee04",
      "type": "string"
    },
    "dns_name": {
      "value": "sap-dev-alb-625894450.us-west-2.elb.amazonaws.com",
      "type": "string"
    },
    "id": {
      "value": "arn:aws:elasticloadbalancing:us-west-2:058264261029:loadbalancer/app/sap-dev-alb/6266a0afeb663a8b",
      "type": "string"
    },
    "listener_rules": {
      "value": {},
      "type": [
        "object",
        {}
      ],
      "sensitive": true
    },
    "listeners": {
      "value": {
        "my-http-listener": {
          "alpn_policy": null,
          "arn": "arn:aws:elasticloadbalancing:us-west-2:058264261029:listener/app/sap-dev-alb/6266a0afeb663a8b/edd0db7fc9ed23a3",
          "certificate_arn": null,
          "default_action": [
            {
              "authenticate_cognito": [],
              "authenticate_oidc": [],
              "fixed_response": [],
              "forward": [],
              "order": 1,
              "redirect": [],
              "target_group_arn": "arn:aws:elasticloadbalancing:us-west-2:058264261029:targetgroup/mytg1-20241002014404566600000002/1bdb87199bfabba9",
              "type": "forward"
            }
          ],
          "id": "arn:aws:elasticloadbalancing:us-west-2:058264261029:listener/app/sap-dev-alb/6266a0afeb663a8b/edd0db7fc9ed23a3",
          "load_balancer_arn": "arn:aws:elasticloadbalancing:us-west-2:058264261029:loadbalancer/app/sap-dev-alb/6266a0afeb663a8b",
          "mutual_authentication": [],
          "port": 80,
          "protocol": "HTTP",
          "ssl_policy": "",
          "tags": {
            "environment": "dev",
            "owners": "sap",
            "terraform-aws-modules": "alb"
          },
          "tags_all": {
            "environment": "dev",
            "owners": "sap",
            "terraform-aws-modules": "alb"
          },
          "timeouts": null
        }
      },
      "type": [
        "object",
        {
          "my-http-listener": [
            "object",
            {
              "alpn_policy": "string",
              "arn": "string",
              "certificate_arn": "string",
              "default_action": [
                "list",
                [
                  "object",
                  {
                    "authenticate_cognito": [
                      "list",
                      [
                        "object",
                        {
                          "authentication_request_extra_params": [
                            "map",
                            "string"
                          ],
                          "on_unauthenticated_request": "string",
                          "scope": "string",
                          "session_cookie_name": "string",
                          "session_timeout": "number",
                          "user_pool_arn": "string",
                          "user_pool_client_id": "string",
                          "user_pool_domain": "string"
                        }
                      ]
                    ],
                    "authenticate_oidc": [
                      "list",
                      [
                        "object",
                        {
                          "authentication_request_extra_params": [
                            "map",
                            "string"
                          ],
                          "authorization_endpoint": "string",
                          "client_id": "string",
                          "client_secret": "string",
                          "issuer": "string",
                          "on_unauthenticated_request": "string",
                          "scope": "string",
                          "session_cookie_name": "string",
                          "session_timeout": "number",
                          "token_endpoint": "string",
                          "user_info_endpoint": "string"
                        }
                      ]
                    ],
                    "fixed_response": [
                      "list",
                      [
                        "object",
                        {
                          "content_type": "string",
                          "message_body": "string",
                          "status_code": "string"
                        }
                      ]
                    ],
                    "forward": [
                      "list",
                      [
                        "object",
                        {
                          "stickiness": [
                            "list",
                            [
                              "object",
                              {
                                "duration": "number",
                                "enabled": "bool"
                              }
                            ]
                          ],
                          "target_group": [
                            "set",
                            [
                              "object",
                              {
                                "arn": "string",
                                "weight": "number"
                              }
                            ]
                          ]
                        }
                      ]
                    ],
                    "order": "number",
                    "redirect": [
                      "list",
                      [
                        "object",
                        {
                          "host": "string",
                          "path": "string",
                          "port": "string",
                          "protocol": "string",
                          "query": "string",
                          "status_code": "string"
                        }
                      ]
                    ],
                    "target_group_arn": "string",
                    "type": "string"
                  }
                ]
              ],
              "id": "string",
              "load_balancer_arn": "string",
              "mutual_authentication": [
                "list",
                [
                  "object",
                  {
                    "ignore_client_certificate_expiry": "bool",
                    "mode": "string",
                    "trust_store_arn": "string"
                  }
                ]
              ],
              "port": "number",
              "protocol": "string",
              "ssl_policy": "string",
              "tags": [
                "map",
                "string"
              ],
              "tags_all": [
                "map",
                "string"
              ],
              "timeouts": [
                "object",
                {
                  "create": "string",
                  "update": "string"
                }
              ]
            }
          ]
        }
      ],
      "sensitive": true
    },
    "public_subnets": {
      "value": [
        "subnet-0e6a3da57968010a4",
        "subnet-06179db4d691f8fee",
        "subnet-08c209262ecd86433",
        "subnet-0a734a279778830f1"
      ],
      "type": [
        "list",
        "string"
      ]
    },
    "s3_bucket_arn": {
      "value": "arn:aws:s3:::s3-bucket-sweeping-mastiff",
      "type": "string"
    },
    "s3_bucket_id": {
      "value": "s3-bucket-sweeping-mastiff",
      "type": "string"
    },
    "s3_bucket_policy": {
      "value": "",
      "type": "string"
    },
    "sqs_queue_arn": {
      "value": "arn:aws:sqs:us-west-2:058264261029:lambda-dlq",
      "type": "string"
    },
    "sqs_queue_url": {
      "value": "https://sqs.us-west-2.amazonaws.com/058264261029/lambda-dlq",
      "type": "string"
    },
    "target_groups": {
      "value": {
        "mytg1": {
          "arn": "arn:aws:elasticloadbalancing:us-west-2:058264261029:targetgroup/mytg1-20241002014404566600000002/1bdb87199bfabba9",
          "arn_suffix": "targetgroup/mytg1-20241002014404566600000002/1bdb87199bfabba9",
          "connection_termination": null,
          "deregistration_delay": "10",
          "health_check": [
            {
              "enabled": true,
              "healthy_threshold": 3,
              "interval": 30,
              "matcher": "200-399",
              "path": "/app1/index.html",
              "port": "",
              "protocol": "",
              "timeout": 6,
              "unhealthy_threshold": 3
            }
          ],
          "id": "arn:aws:elasticloadbalancing:us-west-2:058264261029:targetgroup/mytg1-20241002014404566600000002/1bdb87199bfabba9",
          "ip_address_type": "ipv4",
          "lambda_multi_value_headers_enabled": false,
          "load_balancer_arns": [
            "arn:aws:elasticloadbalancing:us-west-2:058264261029:loadbalancer/app/sap-dev-alb/6266a0afeb663a8b"
          ],
          "load_balancing_algorithm_type": null,
          "load_balancing_anomaly_mitigation": null,
          "load_balancing_cross_zone_enabled": "false",
          "name": "mytg1-20241002014404566600000002",
          "name_prefix": "mytg1-",
          "port": null,
          "preserve_client_ip": null,
          "protocol": null,
          "protocol_version": "",
          "proxy_protocol_v2": false,
          "slow_start": 0,
          "stickiness": [
            {
              "cookie_duration": null,
              "cookie_name": null,
              "enabled": null,
              "type": null
            }
          ],
          "tags": {
            "environment": "dev",
            "owners": "sap",
            "terraform-aws-modules": "alb"
          },
          "tags_all": {
            "environment": "dev",
            "owners": "sap",
            "terraform-aws-modules": "alb"
          },
          "target_failover": [
            {
              "on_deregistration": null,
              "on_unhealthy": null
            }
          ],
          "target_group_health": [
            {
              "dns_failover": [
                {
                  "minimum_healthy_targets_count": null,
                  "minimum_healthy_targets_percentage": null
                }
              ],
              "unhealthy_state_routing": [
                {
                  "minimum_healthy_targets_count": null,
                  "minimum_healthy_targets_percentage": null
                }
              ]
            }
          ],
          "target_health_state": [
            {
              "enable_unhealthy_connection_termination": null,
              "unhealthy_draining_interval": null
            }
          ],
          "target_type": "lambda",
          "vpc_id": ""
        }
      },
      "type": [
        "object",
        {
          "mytg1": [
            "object",
            {
              "arn": "string",
              "arn_suffix": "string",
              "connection_termination": "bool",
              "deregistration_delay": "string",
              "health_check": [
                "list",
                [
                  "object",
                  {
                    "enabled": "bool",
                    "healthy_threshold": "number",
                    "interval": "number",
                    "matcher": "string",
                    "path": "string",
                    "port": "string",
                    "protocol": "string",
                    "timeout": "number",
                    "unhealthy_threshold": "number"
                  }
                ]
              ],
              "id": "string",
              "ip_address_type": "string",
              "lambda_multi_value_headers_enabled": "bool",
              "load_balancer_arns": [
                "set",
                "string"
              ],
              "load_balancing_algorithm_type": "string",
              "load_balancing_anomaly_mitigation": "string",
              "load_balancing_cross_zone_enabled": "string",
              "name": "string",
              "name_prefix": "string",
              "port": "number",
              "preserve_client_ip": "string",
              "protocol": "string",
              "protocol_version": "string",
              "proxy_protocol_v2": "bool",
              "slow_start": "number",
              "stickiness": [
                "list",
                [
                  "object",
                  {
                    "cookie_duration": "number",
                    "cookie_name": "string",
                    "enabled": "bool",
                    "type": "string"
                  }
                ]
              ],
              "tags": [
                "map",
                "string"
              ],
              "tags_all": [
                "map",
                "string"
              ],
              "target_failover": [
                "list",
                [
                  "object",
                  {
                    "on_deregistration": "string",
                    "on_unhealthy": "string"
                  }
                ]
              ],
              "target_group_health": [
                "list",
                [
                  "object",
                  {
                    "dns_failover": [
                      "list",
                      [
                        "object",
                        {
                          "minimum_healthy_targets_count": "string",
                          "minimum_healthy_targets_percentage": "string"
                        }
                      ]
                    ],
                    "unhealthy_state_routing": [
                      "list",
                      [
                        "object",
                        {
                          "minimum_healthy_targets_count": "number",
                          "minimum_healthy_targets_percentage": "string"
                        }
                      ]
                    ]
                  }
                ]
              ],
              "target_health_state": [
                "list",
                [
                  "object",
                  {
                    "enable_unhealthy_connection_termination": "bool",
                    "unhealthy_draining_interval": "number"
                  }
                ]
              ],
              "target_type": "string",
              "vpc_id": "string"
            }
          ]
        }
      ]
    },
    "zone_id": {
      "value": "Z1H1FL5HABSF5",
      "type": "string"
    }
  },
  "resources": [
    {
      "mode": "data",
      "type": "aws_subnets",
      "name": "public_subnets",
      "provider": "provider[\"registry.terraform.io/hashicorp/aws\"]",
      "instances": [
        {
          "schema_version": 0,
          "attributes": {
            "filter": [
              {
                "name": "vpc-id",
                "values": [
                  "vpc-00d6be1c5a16dee04"
                ]
              }
            ],
            "id": "us-west-2",
            "ids": [
              "subnet-0e6a3da57968010a4",
              "subnet-06179db4d691f8fee",
              "subnet-08c209262ecd86433",
              "subnet-0a734a279778830f1"
            ],
            "tags": {
              "Public": "true"
            },
            "timeouts": null
          },
          "sensitive_attributes": []
        }
      ]
    },
    {
      "mode": "data",
      "type": "aws_vpc",
      "name": "default",
      "provider": "provider[\"registry.terraform.io/hashicorp/aws\"]",
      "instances": [
        {
          "schema_version": 0,
          "attributes": {
            "arn": "arn:aws:ec2:us-west-2:058264261029:vpc/vpc-00d6be1c5a16dee04",
            "cidr_block": "172.31.0.0/16",
            "cidr_block_associations": [
              {
                "association_id": "vpc-cidr-assoc-0c44f703696b493a3",
                "cidr_block": "172.31.0.0/16",
                "state": "associated"
              }
            ],
            "default": true,
            "dhcp_options_id": "dopt-0ebeab00159a27693",
            "enable_dns_hostnames": true,
            "enable_dns_support": true,
            "enable_network_address_usage_metrics": false,
            "filter": null,
            "id": "vpc-00d6be1c5a16dee04",
            "instance_tenancy": "default",
            "ipv6_association_id": "",
            "ipv6_cidr_block": "",
            "main_route_table_id": "rtb-0b40e47a8b4cf09f0",
            "owner_id": "058264261029",
            "state": null,
            "tags": {},
            "timeouts": null
          },
          "sensitive_attributes": []
        }
      ]
    },
    {
      "mode": "managed",
      "type": "aws_cloudwatch_event_rule",
      "name": "lambda_rule",
      "provider": "provider[\"registry.terraform.io/hashicorp/aws\"]",
      "instances": [
        {
          "schema_version": 1,
          "attributes": {
            "arn": "arn:aws:events:us-west-2:058264261029:rule/trigger-lambda-function",
            "description": "invoke lambda function to trigger the event",
            "event_bus_name": "default",
            "event_pattern": null,
            "force_destroy": false,
            "id": "trigger-lambda-function",
            "is_enabled": true,
            "name": "trigger-lambda-function",
            "name_prefix": "",
            "role_arn": "",
            "schedule_expression": "cron(0 0/10 * * ? *)",
            "state": "ENABLED",
            "tags": {},
            "tags_all": {}
          },
          "sensitive_attributes": [],
          "private": "eyJzY2hlbWFfdmVyc2lvbiI6IjEifQ==",
          "create_before_destroy": true
        }
      ]
    },
    {
      "mode": "managed",
      "type": "aws_cloudwatch_event_target",
      "name": "invoke_lambda",
      "provider": "provider[\"registry.terraform.io/hashicorp/aws\"]",
      "instances": [
        {
          "schema_version": 1,
          "attributes": {
            "arn": "arn:aws:lambda:us-west-2:058264261029:function:my-lambda1",
            "batch_target": [],
            "dead_letter_config": [],
            "ecs_target": [],
            "event_bus_name": "default",
            "force_destroy": false,
            "http_target": [],
            "id": "trigger-lambda-function-terraform-20241002093315418300000002",
            "input": "",
            "input_path": "",
            "input_transformer": [],
            "kinesis_target": [],
            "redshift_target": [],
            "retry_policy": [],
            "role_arn": "",
            "rule": "trigger-lambda-function",
            "run_command_targets": [],
            "sagemaker_pipeline_target": [],
            "sqs_target": [],
            "target_id": "terraform-20241002093315418300000002"
          },
          "sensitive_attributes": [],
          "private": "eyJzY2hlbWFfdmVyc2lvbiI6IjEifQ==",
          "dependencies": [
            "aws_cloudwatch_event_rule.lambda_rule",
            "aws_sqs_queue.lambda_dlq",
            "module.lambda_function_alb.aws_cloudwatch_log_group.lambda",
            "module.lambda_function_alb.aws_iam_policy.additional_inline",
            "module.lambda_function_alb.aws_iam_policy.additional_json",
            "module.lambda_function_alb.aws_iam_policy.additional_jsons",
            "module.lambda_function_alb.aws_iam_policy.async",
            "module.lambda_function_alb.aws_iam_policy.dead_letter",
            "module.lambda_function_alb.aws_iam_policy.logs",
            "module.lambda_function_alb.aws_iam_policy.tracing",
            "module.lambda_function_alb.aws_iam_policy.vpc",
            "module.lambda_function_alb.aws_iam_role.lambda",
            "module.lambda_function_alb.aws_iam_role_policy_attachment.additional_inline",
            "module.lambda_function_alb.aws_iam_role_policy_attachment.additional_json",
            "module.lambda_function_alb.aws_iam_role_policy_attachment.additional_jsons",
            "module.lambda_function_alb.aws_iam_role_policy_attachment.additional_many",
            "module.lambda_function_alb.aws_iam_role_policy_attachment.additional_one",
            "module.lambda_function_alb.aws_iam_role_policy_attachment.async",
            "module.lambda_function_alb.aws_iam_role_policy_attachment.dead_letter",
            "module.lambda_function_alb.aws_iam_role_policy_attachment.logs",
            "module.lambda_function_alb.aws_iam_role_policy_attachment.tracing",
            "module.lambda_function_alb.aws_iam_role_policy_attachment.vpc",
            "module.lambda_function_alb.aws_lambda_function.this",
            "module.lambda_function_alb.aws_s3_object.lambda_package",
            "module.lambda_function_alb.data.aws_arn.log_group_arn",
            "module.lambda_function_alb.data.aws_cloudwatch_log_group.lambda",
            "module.lambda_function_alb.data.aws_iam_policy.tracing",
            "module.lambda_function_alb.data.aws_iam_policy.vpc",
            "module.lambda_function_alb.data.aws_iam_policy_document.additional_inline",
            "module.lambda_function_alb.data.aws_iam_policy_document.assume_role",
            "module.lambda_function_alb.data.aws_iam_policy_document.async",
            "module.lambda_function_alb.data.aws_iam_policy_document.dead_letter",
            "module.lambda_function_alb.data.aws_iam_policy_document.logs",
            "module.lambda_function_alb.data.aws_partition.current",
            "module.lambda_function_alb.data.external.archive_prepare",
            "module.lambda_function_alb.local_file.archive_plan",
            "module.lambda_function_alb.null_resource.archive"
          ]
        }
      ]
    },
    {
      "mode": "managed",
      "type": "aws_lambda_permission",
      "name": "with_lb",
      "provider": "provider[\"registry.terraform.io/hashicorp/aws\"]",
      "instances": [
        {
          "schema_version": 0,
          "attributes": {
            "action": "lambda:InvokeFunction",
            "event_source_token": null,
            "function_name": "my-lambda1",
            "function_url_auth_type": null,
            "id": "AllowExecutionFromlb",
            "principal": "elasticloadbalancing.amazonaws.com",
            "principal_org_id": null,
            "qualifier": "",
            "source_account": null,
            "source_arn": "arn:aws:elasticloadbalancing:us-west-2:058264261029:targetgroup/mytg1-20241002014404566600000002/1bdb87199bfabba9",
            "statement_id": "AllowExecutionFromlb",
            "statement_id_prefix": ""
          },
          "sensitive_attributes": [],
          "private": "bnVsbA==",
          "dependencies": [
            "aws_sqs_queue.lambda_dlq",
            "data.aws_vpc.default",
            "module.alb.aws_lb_target_group.this",
            "module.lambda_function_alb.aws_cloudwatch_log_group.lambda",
            "module.lambda_function_alb.aws_iam_policy.additional_inline",
            "module.lambda_function_alb.aws_iam_policy.additional_json",
            "module.lambda_function_alb.aws_iam_policy.additional_jsons",
            "module.lambda_function_alb.aws_iam_policy.async",
            "module.lambda_function_alb.aws_iam_policy.dead_letter",
            "module.lambda_function_alb.aws_iam_policy.logs",
            "module.lambda_function_alb.aws_iam_policy.tracing",
            "module.lambda_function_alb.aws_iam_policy.vpc",
            "module.lambda_function_alb.aws_iam_role.lambda",
            "module.lambda_function_alb.aws_iam_role_policy_attachment.additional_inline",
            "module.lambda_function_alb.aws_iam_role_policy_attachment.additional_json",
            "module.lambda_function_alb.aws_iam_role_policy_attachment.additional_jsons",
            "module.lambda_function_alb.aws_iam_role_policy_attachment.additional_many",
            "module.lambda_function_alb.aws_iam_role_policy_attachment.additional_one",
            "module.lambda_function_alb.aws_iam_role_policy_attachment.async",
            "module.lambda_function_alb.aws_iam_role_policy_attachment.dead_letter",
            "module.lambda_function_alb.aws_iam_role_policy_attachment.logs",
            "module.lambda_function_alb.aws_iam_role_policy_attachment.tracing",
            "module.lambda_function_alb.aws_iam_role_policy_attachment.vpc",
            "module.lambda_function_alb.aws_lambda_function.this",
            "module.lambda_function_alb.aws_s3_object.lambda_package",
            "module.lambda_function_alb.data.aws_arn.log_group_arn",
            "module.lambda_function_alb.data.aws_cloudwatch_log_group.lambda",
            "module.lambda_function_alb.data.aws_iam_policy.tracing",
            "module.lambda_function_alb.data.aws_iam_policy.vpc",
            "module.lambda_function_alb.data.aws_iam_policy_document.additional_inline",
            "module.lambda_function_alb.data.aws_iam_policy_document.assume_role",
            "module.lambda_function_alb.data.aws_iam_policy_document.async",
            "module.lambda_function_alb.data.aws_iam_policy_document.dead_letter",
            "module.lambda_function_alb.data.aws_iam_policy_document.logs",
            "module.lambda_function_alb.data.aws_partition.current",
            "module.lambda_function_alb.data.external.archive_prepare",
            "module.lambda_function_alb.local_file.archive_plan",
            "module.lambda_function_alb.null_resource.archive"
          ]
        }
      ]
    },
    {
      "mode": "managed",
      "type": "aws_lb_target_group_attachment",
      "name": "test",
      "provider": "provider[\"registry.terraform.io/hashicorp/aws\"]",
      "instances": [
        {
          "schema_version": 0,
          "attributes": {
            "availability_zone": null,
            "id": "arn:aws:elasticloadbalancing:us-west-2:058264261029:targetgroup/mytg1-20241002014404566600000002/1bdb87199bfabba9-20241002014422020300000004",
            "port": null,
            "target_group_arn": "arn:aws:elasticloadbalancing:us-west-2:058264261029:targetgroup/mytg1-20241002014404566600000002/1bdb87199bfabba9",
            "target_id": "arn:aws:lambda:us-west-2:058264261029:function:my-lambda1"
          },
          "sensitive_attributes": [],
          "private": "bnVsbA==",
          "dependencies": [
            "aws_lambda_permission.with_lb",
            "aws_sqs_queue.lambda_dlq",
            "data.aws_vpc.default",
            "module.alb.aws_lb_target_group.this",
            "module.lambda_function_alb.aws_cloudwatch_log_group.lambda",
            "module.lambda_function_alb.aws_iam_policy.additional_inline",
            "module.lambda_function_alb.aws_iam_policy.additional_json",
            "module.lambda_function_alb.aws_iam_policy.additional_jsons",
            "module.lambda_function_alb.aws_iam_policy.async",
            "module.lambda_function_alb.aws_iam_policy.dead_letter",
            "module.lambda_function_alb.aws_iam_policy.logs",
            "module.lambda_function_alb.aws_iam_policy.tracing",
            "module.lambda_function_alb.aws_iam_policy.vpc",
            "module.lambda_function_alb.aws_iam_role.lambda",
            "module.lambda_function_alb.aws_iam_role_policy_attachment.additional_inline",
            "module.lambda_function_alb.aws_iam_role_policy_attachment.additional_json",
            "module.lambda_function_alb.aws_iam_role_policy_attachment.additional_jsons",
            "module.lambda_function_alb.aws_iam_role_policy_attachment.additional_many",
            "module.lambda_function_alb.aws_iam_role_policy_attachment.additional_one",
            "module.lambda_function_alb.aws_iam_role_policy_attachment.async",
            "module.lambda_function_alb.aws_iam_role_policy_attachment.dead_letter",
            "module.lambda_function_alb.aws_iam_role_policy_attachment.logs",
            "module.lambda_function_alb.aws_iam_role_policy_attachment.tracing",
            "module.lambda_function_alb.aws_iam_role_policy_attachment.vpc",
            "module.lambda_function_alb.aws_lambda_function.this",
            "module.lambda_function_alb.aws_s3_object.lambda_package",
            "module.lambda_function_alb.data.aws_arn.log_group_arn",
            "module.lambda_function_alb.data.aws_cloudwatch_log_group.lambda",
            "module.lambda_function_alb.data.aws_iam_policy.tracing",
            "module.lambda_function_alb.data.aws_iam_policy.vpc",
            "module.lambda_function_alb.data.aws_iam_policy_document.additional_inline",
            "module.lambda_function_alb.data.aws_iam_policy_document.assume_role",
            "module.lambda_function_alb.data.aws_iam_policy_document.async",
            "module.lambda_function_alb.data.aws_iam_policy_document.dead_letter",
            "module.lambda_function_alb.data.aws_iam_policy_document.logs",
            "module.lambda_function_alb.data.aws_partition.current",
            "module.lambda_function_alb.data.external.archive_prepare",
            "module.lambda_function_alb.local_file.archive_plan",
            "module.lambda_function_alb.null_resource.archive"
          ]
        }
      ]
    },
    {
      "mode": "managed",
      "type": "aws_sqs_queue",
      "name": "lambda_dlq",
      "provider": "provider[\"registry.terraform.io/hashicorp/aws\"]",
      "instances": [
        {
          "schema_version": 0,
          "attributes": {
            "arn": "arn:aws:sqs:us-west-2:058264261029:lambda-dlq",
            "content_based_deduplication": false,
            "deduplication_scope": "",
            "delay_seconds": 90,
            "fifo_queue": false,
            "fifo_throughput_limit": "",
            "id": "https://sqs.us-west-2.amazonaws.com/058264261029/lambda-dlq",
            "kms_data_key_reuse_period_seconds": 300,
            "kms_master_key_id": "",
            "max_message_size": 2048,
            "message_retention_seconds": 86400,
            "name": "lambda-dlq",
            "name_prefix": "",
            "policy": "",
            "receive_wait_time_seconds": 10,
            "redrive_allow_policy": "",
            "redrive_policy": "",
            "sqs_managed_sse_enabled": true,
            "tags": {
              "Environment": "lambda"
            },
            "tags_all": {
              "Environment": "lambda"
            },
            "url": "https://sqs.us-west-2.amazonaws.com/058264261029/lambda-dlq",
            "visibility_timeout_seconds": 30
          },
          "sensitive_attributes": [],
          "private": "bnVsbA==",
          "create_before_destroy": true
        }
      ]
    },
    {
      "mode": "managed",
      "type": "random_pet",
      "name": "this",
      "provider": "provider[\"registry.terraform.io/hashicorp/random\"]",
      "instances": [
        {
          "schema_version": 0,
          "attributes": {
            "id": "sweeping-mastiff",
            "keepers": null,
            "length": 2,
            "prefix": null,
            "separator": "-"
          },
          "sensitive_attributes": []
        }
      ]
    },
    {
      "module": "module.alb",
      "mode": "data",
      "type": "aws_partition",
      "name": "current",
      "provider": "provider[\"registry.terraform.io/hashicorp/aws\"]",
      "instances": [
        {
          "schema_version": 0,
          "attributes": {
            "dns_suffix": "amazonaws.com",
            "id": "aws",
            "partition": "aws",
            "reverse_dns_prefix": "com.amazonaws"
          },
          "sensitive_attributes": []
        }
      ]
    },
    {
      "module": "module.alb",
      "mode": "managed",
      "type": "aws_lb",
      "name": "this",
      "provider": "provider[\"registry.terraform.io/hashicorp/aws\"]",
      "instances": [
        {
          "index_key": 0,
          "schema_version": 0,
          "attributes": {
            "access_logs": [
              {
                "bucket": "",
                "enabled": false,
                "prefix": ""
              }
            ],
            "arn": "arn:aws:elasticloadbalancing:us-west-2:058264261029:loadbalancer/app/sap-dev-alb/6266a0afeb663a8b",
            "arn_suffix": "app/sap-dev-alb/6266a0afeb663a8b",
            "client_keep_alive": 3600,
            "connection_logs": [
              {
                "bucket": "",
                "enabled": false,
                "prefix": ""
              }
            ],
            "customer_owned_ipv4_pool": "",
            "desync_mitigation_mode": "defensive",
            "dns_name": "sap-dev-alb-625894450.us-west-2.elb.amazonaws.com",
            "dns_record_client_routing_policy": null,
            "drop_invalid_header_fields": true,
            "enable_cross_zone_load_balancing": true,
            "enable_deletion_protection": false,
            "enable_http2": true,
            "enable_tls_version_and_cipher_suite_headers": false,
            "enable_waf_fail_open": false,
            "enable_xff_client_port": false,
            "enforce_security_group_inbound_rules_on_private_link_traffic": "",
            "id": "arn:aws:elasticloadbalancing:us-west-2:058264261029:loadbalancer/app/sap-dev-alb/6266a0afeb663a8b",
            "idle_timeout": 60,
            "internal": false,
            "ip_address_type": "ipv4",
            "load_balancer_type": "application",
            "name": "sap-dev-alb",
            "name_prefix": "",
            "preserve_host_header": false,
            "security_groups": [
              "sg-032425aa2127d8848"
            ],
            "subnet_mapping": [
              {
                "allocation_id": "",
                "ipv6_address": "",
                "outpost_id": "",
                "private_ipv4_address": "",
                "subnet_id": "subnet-06179db4d691f8fee"
              },
              {
                "allocation_id": "",
                "ipv6_address": "",
                "outpost_id": "",
                "private_ipv4_address": "",
                "subnet_id": "subnet-08c209262ecd86433"
              },
              {
                "allocation_id": "",
                "ipv6_address": "",
                "outpost_id": "",
                "private_ipv4_address": "",
                "subnet_id": "subnet-0a734a279778830f1"
              },
              {
                "allocation_id": "",
                "ipv6_address": "",
                "outpost_id": "",
                "private_ipv4_address": "",
                "subnet_id": "subnet-0e6a3da57968010a4"
              }
            ],
            "subnets": [
              "subnet-06179db4d691f8fee",
              "subnet-08c209262ecd86433",
              "subnet-0a734a279778830f1",
              "subnet-0e6a3da57968010a4"
            ],
            "tags": {
              "environment": "dev",
              "owners": "sap",
              "terraform-aws-modules": "alb"
            },
            "tags_all": {
              "environment": "dev",
              "owners": "sap",
              "terraform-aws-modules": "alb"
            },
            "timeouts": {
              "create": null,
              "delete": null,
              "update": null
            },
            "vpc_id": "vpc-00d6be1c5a16dee04",
            "xff_header_processing_mode": "append",
            "zone_id": "Z1H1FL5HABSF5"
          },
          "sensitive_attributes": [],
          "private": "eyJlMmJmYjczMC1lY2FhLTExZTYtOGY4OC0zNDM2M2JjN2M0YzAiOnsiY3JlYXRlIjo2MDAwMDAwMDAwMDAsImRlbGV0ZSI6NjAwMDAwMDAwMDAwLCJ1cGRhdGUiOjYwMDAwMDAwMDAwMH19",
          "dependencies": [
            "data.aws_subnets.public_subnets",
            "data.aws_vpc.default",
            "module.alb.aws_security_group.this"
          ]
        }
      ]
    },
    {
      "module": "module.alb",
      "mode": "managed",
      "type": "aws_lb_listener",
      "name": "this",
      "provider": "provider[\"registry.terraform.io/hashicorp/aws\"]",
      "instances": [
        {
          "index_key": "my-http-listener",
          "schema_version": 0,
          "attributes": {
            "alpn_policy": null,
            "arn": "arn:aws:elasticloadbalancing:us-west-2:058264261029:listener/app/sap-dev-alb/6266a0afeb663a8b/edd0db7fc9ed23a3",
            "certificate_arn": null,
            "default_action": [
              {
                "authenticate_cognito": [],
                "authenticate_oidc": [],
                "fixed_response": [],
                "forward": [],
                "order": 1,
                "redirect": [],
                "target_group_arn": "arn:aws:elasticloadbalancing:us-west-2:058264261029:targetgroup/mytg1-20241002014404566600000002/1bdb87199bfabba9",
                "type": "forward"
              }
            ],
            "id": "arn:aws:elasticloadbalancing:us-west-2:058264261029:listener/app/sap-dev-alb/6266a0afeb663a8b/edd0db7fc9ed23a3",
            "load_balancer_arn": "arn:aws:elasticloadbalancing:us-west-2:058264261029:loadbalancer/app/sap-dev-alb/6266a0afeb663a8b",
            "mutual_authentication": [],
            "port": 80,
            "protocol": "HTTP",
            "ssl_policy": "",
            "tags": {
              "environment": "dev",
              "owners": "sap",
              "terraform-aws-modules": "alb"
            },
            "tags_all": {
              "environment": "dev",
              "owners": "sap",
              "terraform-aws-modules": "alb"
            },
            "timeouts": null
          },
          "sensitive_attributes": [],
          "private": "eyJlMmJmYjczMC1lY2FhLTExZTYtOGY4OC0zNDM2M2JjN2M0YzAiOnsiY3JlYXRlIjozMDAwMDAwMDAwMDAsInVwZGF0ZSI6MzAwMDAwMDAwMDAwfX0=",
          "dependencies": [
            "data.aws_subnets.public_subnets",
            "data.aws_vpc.default",
            "module.alb.aws_lb.this",
            "module.alb.aws_lb_target_group.this",
            "module.alb.aws_security_group.this"
          ]
        }
      ]
    },
    {
      "module": "module.alb",
      "mode": "managed",
      "type": "aws_lb_target_group",
      "name": "this",
      "provider": "provider[\"registry.terraform.io/hashicorp/aws\"]",
      "instances": [
        {
          "index_key": "mytg1",
          "schema_version": 0,
          "attributes": {
            "arn": "arn:aws:elasticloadbalancing:us-west-2:058264261029:targetgroup/mytg1-20241002014404566600000002/1bdb87199bfabba9",
            "arn_suffix": "targetgroup/mytg1-20241002014404566600000002/1bdb87199bfabba9",
            "connection_termination": null,
            "deregistration_delay": "10",
            "health_check": [
              {
                "enabled": true,
                "healthy_threshold": 3,
                "interval": 30,
                "matcher": "200-399",
                "path": "/app1/index.html",
                "port": "",
                "protocol": "",
                "timeout": 6,
                "unhealthy_threshold": 3
              }
            ],
            "id": "arn:aws:elasticloadbalancing:us-west-2:058264261029:targetgroup/mytg1-20241002014404566600000002/1bdb87199bfabba9",
            "ip_address_type": "ipv4",
            "lambda_multi_value_headers_enabled": false,
            "load_balancer_arns": [
              "arn:aws:elasticloadbalancing:us-west-2:058264261029:loadbalancer/app/sap-dev-alb/6266a0afeb663a8b"
            ],
            "load_balancing_algorithm_type": null,
            "load_balancing_anomaly_mitigation": null,
            "load_balancing_cross_zone_enabled": "false",
            "name": "mytg1-20241002014404566600000002",
            "name_prefix": "mytg1-",
            "port": null,
            "preserve_client_ip": null,
            "protocol": null,
            "protocol_version": "",
            "proxy_protocol_v2": false,
            "slow_start": 0,
            "stickiness": [
              {
                "cookie_duration": null,
                "cookie_name": null,
                "enabled": null,
                "type": null
              }
            ],
            "tags": {
              "environment": "dev",
              "owners": "sap",
              "terraform-aws-modules": "alb"
            },
            "tags_all": {
              "environment": "dev",
              "owners": "sap",
              "terraform-aws-modules": "alb"
            },
            "target_failover": [
              {
                "on_deregistration": null,
                "on_unhealthy": null
              }
            ],
            "target_group_health": [
              {
                "dns_failover": [
                  {
                    "minimum_healthy_targets_count": null,
                    "minimum_healthy_targets_percentage": null
                  }
                ],
                "unhealthy_state_routing": [
                  {
                    "minimum_healthy_targets_count": null,
                    "minimum_healthy_targets_percentage": null
                  }
                ]
              }
            ],
            "target_health_state": [
              {
                "enable_unhealthy_connection_termination": null,
                "unhealthy_draining_interval": null
              }
            ],
            "target_type": "lambda",
            "vpc_id": ""
          },
          "sensitive_attributes": [],
          "private": "bnVsbA==",
          "dependencies": [
            "data.aws_vpc.default"
          ],
          "create_before_destroy": true
        }
      ]
    },
    {
      "module": "module.alb",
      "mode": "managed",
      "type": "aws_security_group",
      "name": "this",
      "provider": "provider[\"registry.terraform.io/hashicorp/aws\"]",
      "instances": [
        {
          "index_key": 0,
          "schema_version": 1,
          "attributes": {
            "arn": "arn:aws:ec2:us-west-2:058264261029:security-group/sg-032425aa2127d8848",
            "description": "Security group for sap-dev-alb application load balancer",
            "egress": [],
            "id": "sg-032425aa2127d8848",
            "ingress": [
              {
                "cidr_blocks": [
                  "0.0.0.0/0"
                ],
                "description": "HTTP web traffic",
                "from_port": 80,
                "ipv6_cidr_blocks": [],
                "prefix_list_ids": [],
                "protocol": "tcp",
                "security_groups": [],
                "self": false,
                "to_port": 80
              },
              {
                "cidr_blocks": [
                  "0.0.0.0/0"
                ],
                "description": "HTTPS web traffic",
                "from_port": 443,
                "ipv6_cidr_blocks": [],
                "prefix_list_ids": [],
                "protocol": "tcp",
                "security_groups": [],
                "self": false,
                "to_port": 443
              }
            ],
            "name": "sap-dev-alb-20241002014404565000000001",
            "name_prefix": "sap-dev-alb-",
            "owner_id": "058264261029",
            "revoke_rules_on_delete": false,
            "tags": {
              "environment": "dev",
              "owners": "sap",
              "terraform-aws-modules": "alb"
            },
            "tags_all": {
              "environment": "dev",
              "owners": "sap",
              "terraform-aws-modules": "alb"
            },
            "timeouts": null,
            "vpc_id": "vpc-00d6be1c5a16dee04"
          },
          "sensitive_attributes": [],
          "private": "eyJlMmJmYjczMC1lY2FhLTExZTYtOGY4OC0zNDM2M2JjN2M0YzAiOnsiY3JlYXRlIjo2MDAwMDAwMDAwMDAsImRlbGV0ZSI6OTAwMDAwMDAwMDAwfSwic2NoZW1hX3ZlcnNpb24iOiIxIn0=",
          "dependencies": [
            "data.aws_vpc.default"
          ],
          "create_before_destroy": true
        }
      ]
    },
    {
      "module": "module.alb",
      "mode": "managed",
      "type": "aws_vpc_security_group_ingress_rule",
      "name": "this",
      "provider": "provider[\"registry.terraform.io/hashicorp/aws\"]",
      "instances": [
        {
          "index_key": "all_http",
          "schema_version": 0,
          "attributes": {
            "arn": "arn:aws:ec2:us-west-2:058264261029:security-group-rule/sgr-0b18218e1f90a99a0",
            "cidr_ipv4": "0.0.0.0/0",
            "cidr_ipv6": null,
            "description": "HTTP web traffic",
            "from_port": 80,
            "id": "sgr-0b18218e1f90a99a0",
            "ip_protocol": "tcp",
            "prefix_list_id": null,
            "referenced_security_group_id": null,
            "security_group_id": "sg-032425aa2127d8848",
            "security_group_rule_id": "sgr-0b18218e1f90a99a0",
            "tags": {
              "environment": "dev",
              "owners": "sap",
              "terraform-aws-modules": "alb"
            },
            "tags_all": {
              "environment": "dev",
              "owners": "sap",
              "terraform-aws-modules": "alb"
            },
            "to_port": 80
          },
          "sensitive_attributes": [],
          "dependencies": [
            "data.aws_vpc.default",
            "module.alb.aws_security_group.this"
          ]
        },
        {
          "index_key": "all_https",
          "schema_version": 0,
          "attributes": {
            "arn": "arn:aws:ec2:us-west-2:058264261029:security-group-rule/sgr-0c6eae597f1f03939",
            "cidr_ipv4": "0.0.0.0/0",
            "cidr_ipv6": null,
            "description": "HTTPS web traffic",
            "from_port": 443,
            "id": "sgr-0c6eae597f1f03939",
            "ip_protocol": "tcp",
            "prefix_list_id": null,
            "referenced_security_group_id": null,
            "security_group_id": "sg-032425aa2127d8848",
            "security_group_rule_id": "sgr-0c6eae597f1f03939",
            "tags": {
              "environment": "dev",
              "owners": "sap",
              "terraform-aws-modules": "alb"
            },
            "tags_all": {
              "environment": "dev",
              "owners": "sap",
              "terraform-aws-modules": "alb"
            },
            "to_port": 443
          },
          "sensitive_attributes": [],
          "dependencies": [
            "data.aws_vpc.default",
            "module.alb.aws_security_group.this"
          ]
        }
      ]
    },
    {
      "module": "module.lambda_function_alb",
      "mode": "data",
      "type": "aws_caller_identity",
      "name": "current",
      "provider": "provider[\"registry.terraform.io/hashicorp/aws\"]",
      "instances": [
        {
          "schema_version": 0,
          "attributes": {
            "account_id": "058264261029",
            "arn": "arn:aws:iam::058264261029:user/admin",
            "id": "058264261029",
            "user_id": "AIDAQ3EGSCGSSENG6LA26"
          },
          "sensitive_attributes": []
        }
      ]
    },
    {
      "module": "module.lambda_function_alb",
      "mode": "data",
      "type": "aws_iam_policy_document",
      "name": "assume_role",
      "provider": "provider[\"registry.terraform.io/hashicorp/aws\"]",
      "instances": [
        {
          "index_key": 0,
          "schema_version": 0,
          "attributes": {
            "id": "2690255455",
            "json": "{\n  \"Version\": \"2012-10-17\",\n  \"Statement\": [\n    {\n      \"Effect\": \"Allow\",\n      \"Action\": \"sts:AssumeRole\",\n      \"Principal\": {\n        \"Service\": \"lambda.amazonaws.com\"\n      }\n    }\n  ]\n}",
            "minified_json": "{\"Version\":\"2012-10-17\",\"Statement\":[{\"Effect\":\"Allow\",\"Action\":\"sts:AssumeRole\",\"Principal\":{\"Service\":\"lambda.amazonaws.com\"}}]}",
            "override_json": null,
            "override_policy_documents": null,
            "policy_id": null,
            "source_json": null,
            "source_policy_documents": null,
            "statement": [
              {
                "actions": [
                  "sts:AssumeRole"
                ],
                "condition": [],
                "effect": "Allow",
                "not_actions": [],
                "not_principals": [],
                "not_resources": [],
                "principals": [
                  {
                    "identifiers": [
                      "lambda.amazonaws.com"
                    ],
                    "type": "Service"
                  }
                ],
                "resources": [],
                "sid": ""
              }
            ],
            "version": "2012-10-17"
          },
          "sensitive_attributes": []
        }
      ]
    },
    {
      "module": "module.lambda_function_alb",
      "mode": "data",
      "type": "aws_iam_policy_document",
      "name": "dead_letter",
      "provider": "provider[\"registry.terraform.io/hashicorp/aws\"]",
      "instances": [
        {
          "index_key": 0,
          "schema_version": 0,
          "attributes": {
            "id": "766777220",
            "json": "{\n  \"Version\": \"2012-10-17\",\n  \"Statement\": [\n    {\n      \"Effect\": \"Allow\",\n      \"Action\": [\n        \"sqs:SendMessage\",\n        \"sns:Publish\"\n      ],\n      \"Resource\": \"arn:aws:sqs:us-west-2:058264261029:lambda-dlq\"\n    }\n  ]\n}",
            "minified_json": "{\"Version\":\"2012-10-17\",\"Statement\":[{\"Effect\":\"Allow\",\"Action\":[\"sqs:SendMessage\",\"sns:Publish\"],\"Resource\":\"arn:aws:sqs:us-west-2:058264261029:lambda-dlq\"}]}",
            "override_json": null,
            "override_policy_documents": null,
            "policy_id": null,
            "source_json": null,
            "source_policy_documents": null,
            "statement": [
              {
                "actions": [
                  "sns:Publish",
                  "sqs:SendMessage"
                ],
                "condition": [],
                "effect": "Allow",
                "not_actions": [],
                "not_principals": [],
                "not_resources": [],
                "principals": [],
                "resources": [
                  "arn:aws:sqs:us-west-2:058264261029:lambda-dlq"
                ],
                "sid": ""
              }
            ],
            "version": "2012-10-17"
          },
          "sensitive_attributes": []
        }
      ]
    },
    {
      "module": "module.lambda_function_alb",
      "mode": "data",
      "type": "aws_iam_policy_document",
      "name": "logs",
      "provider": "provider[\"registry.terraform.io/hashicorp/aws\"]",
      "instances": [
        {
          "index_key": 0,
          "schema_version": 0,
          "attributes": {
            "id": "1286023648",
            "json": "{\n  \"Version\": \"2012-10-17\",\n  \"Statement\": [\n    {\n      \"Effect\": \"Allow\",\n      \"Action\": [\n        \"logs:PutLogEvents\",\n        \"logs:CreateLogStream\",\n        \"logs:CreateLogGroup\"\n      ],\n      \"Resource\": [\n        \"arn:aws:logs:us-west-2:058264261029:log-group:/aws/lambda/my-lambda1:*:*\",\n        \"arn:aws:logs:us-west-2:058264261029:log-group:/aws/lambda/my-lambda1:*\"\n      ]\n    }\n  ]\n}",
            "minified_json": "{\"Version\":\"2012-10-17\",\"Statement\":[{\"Effect\":\"Allow\",\"Action\":[\"logs:PutLogEvents\",\"logs:CreateLogStream\",\"logs:CreateLogGroup\"],\"Resource\":[\"arn:aws:logs:us-west-2:058264261029:log-group:/aws/lambda/my-lambda1:*:*\",\"arn:aws:logs:us-west-2:058264261029:log-group:/aws/lambda/my-lambda1:*\"]}]}",
            "override_json": null,
            "override_policy_documents": null,
            "policy_id": null,
            "source_json": null,
            "source_policy_documents": null,
            "statement": [
              {
                "actions": [
                  "logs:CreateLogGroup",
                  "logs:CreateLogStream",
                  "logs:PutLogEvents"
                ],
                "condition": [],
                "effect": "Allow",
                "not_actions": [],
                "not_principals": [],
                "not_resources": [],
                "principals": [],
                "resources": [
                  "arn:aws:logs:us-west-2:058264261029:log-group:/aws/lambda/my-lambda1:*",
                  "arn:aws:logs:us-west-2:058264261029:log-group:/aws/lambda/my-lambda1:*:*"
                ],
                "sid": ""
              }
            ],
            "version": "2012-10-17"
          },
          "sensitive_attributes": []
        }
      ]
    },
    {
      "module": "module.lambda_function_alb",
      "mode": "data",
      "type": "aws_partition",
      "name": "current",
      "provider": "provider[\"registry.terraform.io/hashicorp/aws\"]",
      "instances": [
        {
          "schema_version": 0,
          "attributes": {
            "dns_suffix": "amazonaws.com",
            "id": "aws",
            "partition": "aws",
            "reverse_dns_prefix": "com.amazonaws"
          },
          "sensitive_attributes": []
        }
      ]
    },
    {
      "module": "module.lambda_function_alb",
      "mode": "data",
      "type": "aws_region",
      "name": "current",
      "provider": "provider[\"registry.terraform.io/hashicorp/aws\"]",
      "instances": [
        {
          "schema_version": 0,
          "attributes": {
            "description": "US West (Oregon)",
            "endpoint": "ec2.us-west-2.amazonaws.com",
            "id": "us-west-2",
            "name": "us-west-2"
          },
          "sensitive_attributes": []
        }
      ]
    },
    {
      "module": "module.lambda_function_alb",
      "mode": "data",
      "type": "external",
      "name": "archive_prepare",
      "provider": "provider[\"registry.terraform.io/hashicorp/external\"]",
      "instances": [
        {
          "index_key": 0,
          "schema_version": 0,
          "attributes": {
            "id": "-",
            "program": [
              "python3",
              ".terraform/modules/lambda_function_alb/package.py",
              "prepare"
            ],
            "query": {
              "artifacts_dir": "builds",
              "docker": null,
              "hash_extra": "",
              "hash_extra_paths": "[]",
              "paths": "{\"cwd\":\"/Users/bhuang/code/study/Bhuang-AWS-Terraform/src/teat\",\"module\":\".terraform/modules/lambda_function_alb\",\"root\":\".\"}",
              "recreate_missing_package": "true",
              "runtime": "python3.12",
              "source_path": "\"./lambda\""
            },
            "result": {
              "build_plan": "{\"filename\": \"builds/3cc5a5ee1596dd1290285db6117f164117bbce5ab9862c8ef43b13b86598cea7.zip\", \"runtime\": \"python3.12\", \"artifacts_dir\": \"builds\", \"build_plan\": [[\"zip\", \"./lambda\", null]]}",
              "build_plan_filename": "builds/3cc5a5ee1596dd1290285db6117f164117bbce5ab9862c8ef43b13b86598cea7.plan.json",
              "filename": "builds/3cc5a5ee1596dd1290285db6117f164117bbce5ab9862c8ef43b13b86598cea7.zip",
              "timestamp": "1727792125345715000",
              "was_missing": "false"
            },
            "working_dir": null
          },
          "sensitive_attributes": []
        }
      ]
    },
    {
      "module": "module.lambda_function_alb",
      "mode": "managed",
      "type": "aws_cloudwatch_log_group",
      "name": "lambda",
      "provider": "provider[\"registry.terraform.io/hashicorp/aws\"]",
      "instances": [
        {
          "index_key": 0,
          "schema_version": 0,
          "attributes": {
            "arn": "arn:aws:logs:us-west-2:058264261029:log-group:/aws/lambda/my-lambda1",
            "id": "/aws/lambda/my-lambda1",
            "kms_key_id": "",
            "log_group_class": "STANDARD",
            "name": "/aws/lambda/my-lambda1",
            "name_prefix": "",
            "retention_in_days": 0,
            "skip_destroy": false,
            "tags": {
              "Name": "my-lambda1"
            },
            "tags_all": {
              "Name": "my-lambda1"
            }
          },
          "sensitive_attributes": [],
          "private": "bnVsbA==",
          "create_before_destroy": true
        }
      ]
    },
    {
      "module": "module.lambda_function_alb",
      "mode": "managed",
      "type": "aws_iam_policy",
      "name": "dead_letter",
      "provider": "provider[\"registry.terraform.io/hashicorp/aws\"]",
      "instances": [
        {
          "index_key": 0,
          "schema_version": 0,
          "attributes": {
            "arn": "arn:aws:iam::058264261029:policy/my-lambda1-dl",
            "attachment_count": 1,
            "description": "",
            "id": "arn:aws:iam::058264261029:policy/my-lambda1-dl",
            "name": "my-lambda1-dl",
            "name_prefix": "",
            "path": "/",
            "policy": "{\"Statement\":[{\"Action\":[\"sqs:SendMessage\",\"sns:Publish\"],\"Effect\":\"Allow\",\"Resource\":\"arn:aws:sqs:us-west-2:058264261029:lambda-dlq\"}],\"Version\":\"2012-10-17\"}",
            "policy_id": "ANPAQ3EGSCGSUYZEVFS4E",
            "tags": {
              "Name": "my-lambda1"
            },
            "tags_all": {
              "Name": "my-lambda1"
            }
          },
          "sensitive_attributes": [],
          "private": "bnVsbA==",
          "dependencies": [
            "aws_sqs_queue.lambda_dlq",
            "module.lambda_function_alb.data.aws_iam_policy_document.dead_letter"
          ],
          "create_before_destroy": true
        }
      ]
    },
    {
      "module": "module.lambda_function_alb",
      "mode": "managed",
      "type": "aws_iam_policy",
      "name": "logs",
      "provider": "provider[\"registry.terraform.io/hashicorp/aws\"]",
      "instances": [
        {
          "index_key": 0,
          "schema_version": 0,
          "attributes": {
            "arn": "arn:aws:iam::058264261029:policy/my-lambda1-logs",
            "attachment_count": 1,
            "description": "",
            "id": "arn:aws:iam::058264261029:policy/my-lambda1-logs",
            "name": "my-lambda1-logs",
            "name_prefix": "",
            "path": "/",
            "policy": "{\"Statement\":[{\"Action\":[\"logs:PutLogEvents\",\"logs:CreateLogStream\",\"logs:CreateLogGroup\"],\"Effect\":\"Allow\",\"Resource\":[\"arn:aws:logs:us-west-2:058264261029:log-group:/aws/lambda/my-lambda1:*:*\",\"arn:aws:logs:us-west-2:058264261029:log-group:/aws/lambda/my-lambda1:*\"]}],\"Version\":\"2012-10-17\"}",
            "policy_id": "ANPAQ3EGSCGS6DINUG3IZ",
            "tags": {
              "Name": "my-lambda1"
            },
            "tags_all": {
              "Name": "my-lambda1"
            }
          },
          "sensitive_attributes": [],
          "private": "bnVsbA==",
          "dependencies": [
            "module.lambda_function_alb.aws_cloudwatch_log_group.lambda",
            "module.lambda_function_alb.data.aws_arn.log_group_arn",
            "module.lambda_function_alb.data.aws_cloudwatch_log_group.lambda",
            "module.lambda_function_alb.data.aws_iam_policy_document.logs"
          ],
          "create_before_destroy": true
        }
      ]
    },
    {
      "module": "module.lambda_function_alb",
      "mode": "managed",
      "type": "aws_iam_role",
      "name": "lambda",
      "provider": "provider[\"registry.terraform.io/hashicorp/aws\"]",
      "instances": [
        {
          "index_key": 0,
          "schema_version": 0,
          "attributes": {
            "arn": "arn:aws:iam::058264261029:role/my-lambda1",
            "assume_role_policy": "{\"Statement\":[{\"Action\":\"sts:AssumeRole\",\"Effect\":\"Allow\",\"Principal\":{\"Service\":\"lambda.amazonaws.com\"}}],\"Version\":\"2012-10-17\"}",
            "create_date": "2024-10-02T01:44:06Z",
            "description": "",
            "force_detach_policies": true,
            "id": "my-lambda1",
            "inline_policy": [],
            "managed_policy_arns": [
              "arn:aws:iam::058264261029:policy/my-lambda1-dl",
              "arn:aws:iam::058264261029:policy/my-lambda1-logs"
            ],
            "max_session_duration": 3600,
            "name": "my-lambda1",
            "name_prefix": "",
            "path": "/",
            "permissions_boundary": "",
            "tags": {
              "Name": "my-lambda1"
            },
            "tags_all": {
              "Name": "my-lambda1"
            },
            "unique_id": "AROAQ3EGSCGSVZSFYZXXH"
          },
          "sensitive_attributes": [],
          "private": "bnVsbA==",
          "dependencies": [
            "module.lambda_function_alb.data.aws_iam_policy_document.assume_role"
          ],
          "create_before_destroy": true
        }
      ]
    },
    {
      "module": "module.lambda_function_alb",
      "mode": "managed",
      "type": "aws_iam_role_policy_attachment",
      "name": "dead_letter",
      "provider": "provider[\"registry.terraform.io/hashicorp/aws\"]",
      "instances": [
        {
          "index_key": 0,
          "schema_version": 0,
          "attributes": {
            "id": "my-lambda1-20241002024243347600000001",
            "policy_arn": "arn:aws:iam::058264261029:policy/my-lambda1-dl",
            "role": "my-lambda1"
          },
          "sensitive_attributes": [],
          "private": "bnVsbA==",
          "dependencies": [
            "aws_sqs_queue.lambda_dlq",
            "module.lambda_function_alb.aws_iam_policy.dead_letter",
            "module.lambda_function_alb.aws_iam_role.lambda",
            "module.lambda_function_alb.data.aws_iam_policy_document.assume_role",
            "module.lambda_function_alb.data.aws_iam_policy_document.dead_letter"
          ],
          "create_before_destroy": true
        }
      ]
    },
    {
      "module": "module.lambda_function_alb",
      "mode": "managed",
      "type": "aws_iam_role_policy_attachment",
      "name": "logs",
      "provider": "provider[\"registry.terraform.io/hashicorp/aws\"]",
      "instances": [
        {
          "index_key": 0,
          "schema_version": 0,
          "attributes": {
            "id": "my-lambda1-20241002014409304500000003",
            "policy_arn": "arn:aws:iam::058264261029:policy/my-lambda1-logs",
            "role": "my-lambda1"
          },
          "sensitive_attributes": [],
          "private": "bnVsbA==",
          "dependencies": [
            "module.lambda_function_alb.aws_cloudwatch_log_group.lambda",
            "module.lambda_function_alb.aws_iam_policy.logs",
            "module.lambda_function_alb.aws_iam_role.lambda",
            "module.lambda_function_alb.data.aws_arn.log_group_arn",
            "module.lambda_function_alb.data.aws_cloudwatch_log_group.lambda",
            "module.lambda_function_alb.data.aws_iam_policy_document.assume_role",
            "module.lambda_function_alb.data.aws_iam_policy_document.logs"
          ],
          "create_before_destroy": true
        }
      ]
    },
    {
      "module": "module.lambda_function_alb",
      "mode": "managed",
      "type": "aws_lambda_function",
      "name": "this",
      "provider": "provider[\"registry.terraform.io/hashicorp/aws\"]",
      "instances": [
        {
          "index_key": 0,
          "schema_version": 0,
          "attributes": {
            "architectures": [
              "x86_64"
            ],
            "arn": "arn:aws:lambda:us-west-2:058264261029:function:my-lambda1",
            "code_sha256": "xLuu/cF8WEqXp3kVWUi9AReJ6edEQQPmX4LJ/CtLL1g=",
            "code_signing_config_arn": "",
            "dead_letter_config": [
              {
                "target_arn": "arn:aws:sqs:us-west-2:058264261029:lambda-dlq"
              }
            ],
            "description": "My awesome lambda function",
            "environment": [],
            "ephemeral_storage": [
              {
                "size": 512
              }
            ],
            "file_system_config": [],
            "filename": "builds/3cc5a5ee1596dd1290285db6117f164117bbce5ab9862c8ef43b13b86598cea7.zip",
            "function_name": "my-lambda1",
            "handler": "awesome-lambda.lambda_handler",
            "id": "my-lambda1",
            "image_config": [],
            "image_uri": "",
            "invoke_arn": "arn:aws:apigateway:us-west-2:lambda:path/2015-03-31/functions/arn:aws:lambda:us-west-2:058264261029:function:my-lambda1/invocations",
            "kms_key_arn": "",
            "last_modified": "2024-10-02T10:06:08.000+0000",
            "layers": [],
            "logging_config": [
              {
                "application_log_level": "",
                "log_format": "Text",
                "log_group": "/aws/lambda/my-lambda1",
                "system_log_level": ""
              }
            ],
            "memory_size": 128,
            "package_type": "Zip",
            "publish": false,
            "qualified_arn": "arn:aws:lambda:us-west-2:058264261029:function:my-lambda1:$LATEST",
            "qualified_invoke_arn": "arn:aws:apigateway:us-west-2:lambda:path/2015-03-31/functions/arn:aws:lambda:us-west-2:058264261029:function:my-lambda1:$LATEST/invocations",
            "replace_security_groups_on_destroy": null,
            "replacement_security_group_ids": null,
            "reserved_concurrent_executions": -1,
            "role": "arn:aws:iam::058264261029:role/my-lambda1",
            "runtime": "python3.12",
            "s3_bucket": null,
            "s3_key": null,
            "s3_object_version": null,
            "signing_job_arn": "",
            "signing_profile_version_arn": "",
            "skip_destroy": false,
            "snap_start": [],
            "source_code_hash": "31O8FRHhTz4Z3FYROQRxGhDF5IaC/l9PHuYg63PxUX4=",
            "source_code_size": 416,
            "tags": {
              "Name": "my-lambda1",
              "terraform-aws-modules": "lambda"
            },
            "tags_all": {
              "Name": "my-lambda1",
              "terraform-aws-modules": "lambda"
            },
            "timeout": 3,
            "timeouts": null,
            "tracing_config": [
              {
                "mode": "PassThrough"
              }
            ],
            "version": "$LATEST",
            "vpc_config": []
          },
          "sensitive_attributes": [],
          "private": "eyJlMmJmYjczMC1lY2FhLTExZTYtOGY4OC0zNDM2M2JjN2M0YzAiOnsiY3JlYXRlIjo2MDAwMDAwMDAwMDAsImRlbGV0ZSI6NjAwMDAwMDAwMDAwLCJ1cGRhdGUiOjYwMDAwMDAwMDAwMH19",
          "dependencies": [
            "aws_sqs_queue.lambda_dlq",
            "module.lambda_function_alb.aws_cloudwatch_log_group.lambda",
            "module.lambda_function_alb.aws_iam_policy.additional_inline",
            "module.lambda_function_alb.aws_iam_policy.additional_json",
            "module.lambda_function_alb.aws_iam_policy.additional_jsons",
            "module.lambda_function_alb.aws_iam_policy.async",
            "module.lambda_function_alb.aws_iam_policy.dead_letter",
            "module.lambda_function_alb.aws_iam_policy.logs",
            "module.lambda_function_alb.aws_iam_policy.tracing",
            "module.lambda_function_alb.aws_iam_policy.vpc",
            "module.lambda_function_alb.aws_iam_role.lambda",
            "module.lambda_function_alb.aws_iam_role_policy_attachment.additional_inline",
            "module.lambda_function_alb.aws_iam_role_policy_attachment.additional_json",
            "module.lambda_function_alb.aws_iam_role_policy_attachment.additional_jsons",
            "module.lambda_function_alb.aws_iam_role_policy_attachment.additional_many",
            "module.lambda_function_alb.aws_iam_role_policy_attachment.additional_one",
            "module.lambda_function_alb.aws_iam_role_policy_attachment.async",
            "module.lambda_function_alb.aws_iam_role_policy_attachment.dead_letter",
            "module.lambda_function_alb.aws_iam_role_policy_attachment.logs",
            "module.lambda_function_alb.aws_iam_role_policy_attachment.tracing",
            "module.lambda_function_alb.aws_iam_role_policy_attachment.vpc",
            "module.lambda_function_alb.aws_s3_object.lambda_package",
            "module.lambda_function_alb.data.aws_arn.log_group_arn",
            "module.lambda_function_alb.data.aws_cloudwatch_log_group.lambda",
            "module.lambda_function_alb.data.aws_iam_policy.tracing",
            "module.lambda_function_alb.data.aws_iam_policy.vpc",
            "module.lambda_function_alb.data.aws_iam_policy_document.additional_inline",
            "module.lambda_function_alb.data.aws_iam_policy_document.assume_role",
            "module.lambda_function_alb.data.aws_iam_policy_document.async",
            "module.lambda_function_alb.data.aws_iam_policy_document.dead_letter",
            "module.lambda_function_alb.data.aws_iam_policy_document.logs",
            "module.lambda_function_alb.data.aws_partition.current",
            "module.lambda_function_alb.data.external.archive_prepare",
            "module.lambda_function_alb.local_file.archive_plan",
            "module.lambda_function_alb.null_resource.archive"
          ],
          "create_before_destroy": true
        }
      ]
    },
    {
      "module": "module.lambda_function_alb",
      "mode": "managed",
      "type": "aws_lambda_permission",
      "name": "unqualified_alias_triggers",
      "provider": "provider[\"registry.terraform.io/hashicorp/aws\"]",
      "instances": [
        {
          "index_key": "CloudwatchTriggerLambdaFunctionRule",
          "schema_version": 0,
          "attributes": {
            "action": "lambda:InvokeFunction",
            "event_source_token": null,
            "function_name": "my-lambda1",
            "function_url_auth_type": null,
            "id": "CloudwatchTriggerLambdaFunctionRule20241002111305090500000001",
            "principal": "events.amazonaws.com",
            "principal_org_id": null,
            "qualifier": "",
            "source_account": null,
            "source_arn": "arn:aws:events:us-west-2:058264261029:rule/trigger-lambda-function",
            "statement_id": "CloudwatchTriggerLambdaFunctionRule20241002111305090500000001",
            "statement_id_prefix": "CloudwatchTriggerLambdaFunctionRule"
          },
          "sensitive_attributes": [],
          "private": "bnVsbA==",
          "dependencies": [
            "aws_cloudwatch_event_rule.lambda_rule",
            "aws_sqs_queue.lambda_dlq",
            "module.lambda_function_alb.aws_cloudwatch_log_group.lambda",
            "module.lambda_function_alb.aws_iam_policy.additional_inline",
            "module.lambda_function_alb.aws_iam_policy.additional_json",
            "module.lambda_function_alb.aws_iam_policy.additional_jsons",
            "module.lambda_function_alb.aws_iam_policy.async",
            "module.lambda_function_alb.aws_iam_policy.dead_letter",
            "module.lambda_function_alb.aws_iam_policy.logs",
            "module.lambda_function_alb.aws_iam_policy.tracing",
            "module.lambda_function_alb.aws_iam_policy.vpc",
            "module.lambda_function_alb.aws_iam_role.lambda",
            "module.lambda_function_alb.aws_iam_role_policy_attachment.additional_inline",
            "module.lambda_function_alb.aws_iam_role_policy_attachment.additional_json",
            "module.lambda_function_alb.aws_iam_role_policy_attachment.additional_jsons",
            "module.lambda_function_alb.aws_iam_role_policy_attachment.additional_many",
            "module.lambda_function_alb.aws_iam_role_policy_attachment.additional_one",
            "module.lambda_function_alb.aws_iam_role_policy_attachment.async",
            "module.lambda_function_alb.aws_iam_role_policy_attachment.dead_letter",
            "module.lambda_function_alb.aws_iam_role_policy_attachment.logs",
            "module.lambda_function_alb.aws_iam_role_policy_attachment.tracing",
            "module.lambda_function_alb.aws_iam_role_policy_attachment.vpc",
            "module.lambda_function_alb.aws_lambda_function.this",
            "module.lambda_function_alb.aws_s3_object.lambda_package",
            "module.lambda_function_alb.data.aws_arn.log_group_arn",
            "module.lambda_function_alb.data.aws_cloudwatch_log_group.lambda",
            "module.lambda_function_alb.data.aws_iam_policy.tracing",
            "module.lambda_function_alb.data.aws_iam_policy.vpc",
            "module.lambda_function_alb.data.aws_iam_policy_document.additional_inline",
            "module.lambda_function_alb.data.aws_iam_policy_document.assume_role",
            "module.lambda_function_alb.data.aws_iam_policy_document.async",
            "module.lambda_function_alb.data.aws_iam_policy_document.dead_letter",
            "module.lambda_function_alb.data.aws_iam_policy_document.logs",
            "module.lambda_function_alb.data.aws_partition.current",
            "module.lambda_function_alb.data.external.archive_prepare",
            "module.lambda_function_alb.local_file.archive_plan",
            "module.lambda_function_alb.null_resource.archive"
          ],
          "create_before_destroy": true
        }
      ]
    },
    {
      "module": "module.lambda_function_alb",
      "mode": "managed",
      "type": "local_file",
      "name": "archive_plan",
      "provider": "provider[\"registry.terraform.io/hashicorp/local\"]",
      "instances": [
        {
          "index_key": 0,
          "schema_version": 0,
          "attributes": {
            "content": "{\"filename\": \"builds/3cc5a5ee1596dd1290285db6117f164117bbce5ab9862c8ef43b13b86598cea7.zip\", \"runtime\": \"python3.12\", \"artifacts_dir\": \"builds\", \"build_plan\": [[\"zip\", \"./lambda\", null]]}",
            "content_base64": null,
            "content_base64sha256": "dDGZhen+d+35ttw/5bzAdwFTsLNAV5DZwVBCqWRZd9g=",
            "content_base64sha512": "RQZs7+nE+hJNMhwvGoelzWaXJaOYSbqoSHmAyFwdrmutKqCIfk0D1zQL/TpgvoK+x1Dl+9wmWFHG6RMIVQePwg==",
            "content_md5": "c2c2709b6d321c4109d1707ac4e600da",
            "content_sha1": "8cff43aea9916257353d608b1cadca4d3c7731ed",
            "content_sha256": "74319985e9fe77edf9b6dc3fe5bcc0770153b0b3405790d9c15042a9645977d8",
            "content_sha512": "45066cefe9c4fa124d321c2f1a87a5cd669725a39849baa8487980c85c1dae6bad2aa0887e4d03d7340bfd3a60be82bec750e5fbdc265851c6e9130855078fc2",
            "directory_permission": "0755",
            "file_permission": "0644",
            "filename": "builds/3cc5a5ee1596dd1290285db6117f164117bbce5ab9862c8ef43b13b86598cea7.plan.json",
            "id": "8cff43aea9916257353d608b1cadca4d3c7731ed",
            "sensitive_content": null,
            "source": null
          },
          "sensitive_attributes": [
            [
              {
                "type": "get_attr",
                "value": "sensitive_content"
              }
            ]
          ],
          "dependencies": [
            "module.lambda_function_alb.data.external.archive_prepare"
          ],
          "create_before_destroy": true
        }
      ]
    },
    {
      "module": "module.lambda_function_alb",
      "mode": "managed",
      "type": "null_resource",
      "name": "archive",
      "provider": "provider[\"registry.terraform.io/hashicorp/null\"]",
      "instances": [
        {
          "index_key": 0,
          "schema_version": 0,
          "attributes": {
            "id": "1548988503522648457",
            "triggers": {
              "filename": "builds/3cc5a5ee1596dd1290285db6117f164117bbce5ab9862c8ef43b13b86598cea7.zip",
              "timestamp": "1727792125345715000"
            }
          },
          "sensitive_attributes": [],
          "dependencies": [
            "module.lambda_function_alb.data.external.archive_prepare",
            "module.lambda_function_alb.local_file.archive_plan"
          ],
          "create_before_destroy": true
        }
      ]
    },
    {
      "module": "module.s3-bucket",
      "mode": "data",
      "type": "aws_caller_identity",
      "name": "current",
      "provider": "provider[\"registry.terraform.io/hashicorp/aws\"]",
      "instances": [
        {
          "schema_version": 0,
          "attributes": {
            "account_id": "058264261029",
            "arn": "arn:aws:iam::058264261029:user/admin",
            "id": "058264261029",
            "user_id": "AIDAQ3EGSCGSSENG6LA26"
          },
          "sensitive_attributes": []
        }
      ]
    },
    {
      "module": "module.s3-bucket",
      "mode": "data",
      "type": "aws_partition",
      "name": "current",
      "provider": "provider[\"registry.terraform.io/hashicorp/aws\"]",
      "instances": [
        {
          "schema_version": 0,
          "attributes": {
            "dns_suffix": "amazonaws.com",
            "id": "aws",
            "partition": "aws",
            "reverse_dns_prefix": "com.amazonaws"
          },
          "sensitive_attributes": []
        }
      ]
    },
    {
      "module": "module.s3-bucket",
      "mode": "data",
      "type": "aws_region",
      "name": "current",
      "provider": "provider[\"registry.terraform.io/hashicorp/aws\"]",
      "instances": [
        {
          "schema_version": 0,
          "attributes": {
            "description": "US West (Oregon)",
            "endpoint": "ec2.us-west-2.amazonaws.com",
            "id": "us-west-2",
            "name": "us-west-2"
          },
          "sensitive_attributes": []
        }
      ]
    },
    {
      "module": "module.s3-bucket",
      "mode": "managed",
      "type": "aws_s3_bucket",
      "name": "this",
      "provider": "provider[\"registry.terraform.io/hashicorp/aws\"]",
      "instances": [
        {
          "index_key": 0,
          "schema_version": 0,
          "attributes": {
            "acceleration_status": "",
            "acl": null,
            "arn": "arn:aws:s3:::s3-bucket-sweeping-mastiff",
            "bucket": "s3-bucket-sweeping-mastiff",
            "bucket_domain_name": "s3-bucket-sweeping-mastiff.s3.amazonaws.com",
            "bucket_prefix": "",
            "bucket_regional_domain_name": "s3-bucket-sweeping-mastiff.s3.us-west-2.amazonaws.com",
            "cors_rule": [],
            "force_destroy": true,
            "grant": [
              {
                "id": "a15ce0729c9bfb0b38680cc93a9fa6fe488d6d41ae2b4c66e617eb0052a25841",
                "permissions": [
                  "FULL_CONTROL"
                ],
                "type": "CanonicalUser",
                "uri": ""
              }
            ],
            "hosted_zone_id": "Z3BJ6K6RIION7M",
            "id": "s3-bucket-sweeping-mastiff",
            "lifecycle_rule": [],
            "logging": [],
            "object_lock_configuration": [],
            "object_lock_enabled": false,
            "policy": "",
            "region": "us-west-2",
            "replication_configuration": [],
            "request_payer": "BucketOwner",
            "server_side_encryption_configuration": [
              {
                "rule": [
                  {
                    "apply_server_side_encryption_by_default": [
                      {
                        "kms_master_key_id": "",
                        "sse_algorithm": "AES256"
                      }
                    ],
                    "bucket_key_enabled": false
                  }
                ]
              }
            ],
            "tags": null,
            "tags_all": {},
            "timeouts": null,
            "versioning": [
              {
                "enabled": false,
                "mfa_delete": false
              }
            ],
            "website": [],
            "website_domain": null,
            "website_endpoint": null
          },
          "sensitive_attributes": [],
          "private": "eyJlMmJmYjczMC1lY2FhLTExZTYtOGY4OC0zNDM2M2JjN2M0YzAiOnsiY3JlYXRlIjoxMjAwMDAwMDAwMDAwLCJkZWxldGUiOjM2MDAwMDAwMDAwMDAsInJlYWQiOjEyMDAwMDAwMDAwMDAsInVwZGF0ZSI6MTIwMDAwMDAwMDAwMH19",
          "dependencies": [
            "random_pet.this"
          ]
        }
      ]
    },
    {
      "module": "module.s3-bucket",
      "mode": "managed",
      "type": "aws_s3_bucket_public_access_block",
      "name": "this",
      "provider": "provider[\"registry.terraform.io/hashicorp/aws\"]",
      "instances": [
        {
          "index_key": 0,
          "schema_version": 0,
          "attributes": {
            "block_public_acls": true,
            "block_public_policy": true,
            "bucket": "s3-bucket-sweeping-mastiff",
            "id": "s3-bucket-sweeping-mastiff",
            "ignore_public_acls": true,
            "restrict_public_buckets": true
          },
          "sensitive_attributes": [],
          "private": "bnVsbA==",
          "dependencies": [
            "module.s3-bucket.aws_s3_bucket.this",
            "random_pet.this"
          ]
        }
      ]
    },
    {
      "module": "module.s3-bucket_notification",
      "mode": "data",
      "type": "aws_partition",
      "name": "this",
      "provider": "provider[\"registry.terraform.io/hashicorp/aws\"]",
      "instances": [
        {
          "schema_version": 0,
          "attributes": {
            "dns_suffix": "amazonaws.com",
            "id": "aws",
            "partition": "aws",
            "reverse_dns_prefix": "com.amazonaws"
          },
          "sensitive_attributes": []
        }
      ]
    },
    {
      "module": "module.s3-bucket_notification",
      "mode": "managed",
      "type": "aws_lambda_permission",
      "name": "allow",
      "provider": "provider[\"registry.terraform.io/hashicorp/aws\"]",
      "instances": [
        {
          "index_key": "lambda1",
          "schema_version": 0,
          "attributes": {
            "action": "lambda:InvokeFunction",
            "event_source_token": null,
            "function_name": "my-lambda1",
            "function_url_auth_type": null,
            "id": "AllowLambdaS3BucketNotification-20241002111314604600000002",
            "principal": "s3.amazonaws.com",
            "principal_org_id": null,
            "qualifier": "",
            "source_account": null,
            "source_arn": "arn:aws:s3:::s3-bucket-sweeping-mastiff",
            "statement_id": "AllowLambdaS3BucketNotification-20241002111314604600000002",
            "statement_id_prefix": "AllowLambdaS3BucketNotification-"
          },
          "sensitive_attributes": [],
          "private": "bnVsbA==",
          "dependencies": [
            "aws_sqs_queue.lambda_dlq",
            "module.lambda_function_alb.aws_cloudwatch_log_group.lambda",
            "module.lambda_function_alb.aws_iam_policy.additional_inline",
            "module.lambda_function_alb.aws_iam_policy.additional_json",
            "module.lambda_function_alb.aws_iam_policy.additional_jsons",
            "module.lambda_function_alb.aws_iam_policy.async",
            "module.lambda_function_alb.aws_iam_policy.dead_letter",
            "module.lambda_function_alb.aws_iam_policy.logs",
            "module.lambda_function_alb.aws_iam_policy.tracing",
            "module.lambda_function_alb.aws_iam_policy.vpc",
            "module.lambda_function_alb.aws_iam_role.lambda",
            "module.lambda_function_alb.aws_iam_role_policy_attachment.additional_inline",
            "module.lambda_function_alb.aws_iam_role_policy_attachment.additional_json",
            "module.lambda_function_alb.aws_iam_role_policy_attachment.additional_jsons",
            "module.lambda_function_alb.aws_iam_role_policy_attachment.additional_many",
            "module.lambda_function_alb.aws_iam_role_policy_attachment.additional_one",
            "module.lambda_function_alb.aws_iam_role_policy_attachment.async",
            "module.lambda_function_alb.aws_iam_role_policy_attachment.dead_letter",
            "module.lambda_function_alb.aws_iam_role_policy_attachment.logs",
            "module.lambda_function_alb.aws_iam_role_policy_attachment.tracing",
            "module.lambda_function_alb.aws_iam_role_policy_attachment.vpc",
            "module.lambda_function_alb.aws_lambda_function.this",
            "module.lambda_function_alb.aws_s3_object.lambda_package",
            "module.lambda_function_alb.data.aws_arn.log_group_arn",
            "module.lambda_function_alb.data.aws_cloudwatch_log_group.lambda",
            "module.lambda_function_alb.data.aws_iam_policy.tracing",
            "module.lambda_function_alb.data.aws_iam_policy.vpc",
            "module.lambda_function_alb.data.aws_iam_policy_document.additional_inline",
            "module.lambda_function_alb.data.aws_iam_policy_document.assume_role",
            "module.lambda_function_alb.data.aws_iam_policy_document.async",
            "module.lambda_function_alb.data.aws_iam_policy_document.dead_letter",
            "module.lambda_function_alb.data.aws_iam_policy_document.logs",
            "module.lambda_function_alb.data.aws_partition.current",
            "module.lambda_function_alb.data.external.archive_prepare",
            "module.lambda_function_alb.local_file.archive_plan",
            "module.lambda_function_alb.null_resource.archive",
            "module.s3-bucket.aws_s3_bucket.this",
            "module.s3-bucket.aws_s3_bucket_policy.this",
            "module.s3-bucket.aws_s3_bucket_public_access_block.this",
            "module.s3-bucket.data.aws_caller_identity.current",
            "module.s3-bucket.data.aws_iam_policy_document.access_log_delivery",
            "module.s3-bucket.data.aws_iam_policy_document.combined",
            "module.s3-bucket.data.aws_iam_policy_document.deny_incorrect_encryption_headers",
            "module.s3-bucket.data.aws_iam_policy_document.deny_incorrect_kms_key_sse",
            "module.s3-bucket.data.aws_iam_policy_document.deny_insecure_transport",
            "module.s3-bucket.data.aws_iam_policy_document.deny_unencrypted_object_uploads",
            "module.s3-bucket.data.aws_iam_policy_document.elb_log_delivery",
            "module.s3-bucket.data.aws_iam_policy_document.inventory_and_analytics_destination_policy",
            "module.s3-bucket.data.aws_iam_policy_document.lb_log_delivery",
            "module.s3-bucket.data.aws_iam_policy_document.require_latest_tls",
            "module.s3-bucket.data.aws_partition.current",
            "module.s3-bucket.data.aws_region.current",
            "module.s3-bucket_notification.data.aws_partition.this",
            "random_pet.this"
          ]
        }
      ]
    },
    {
      "module": "module.s3-bucket_notification",
      "mode": "managed",
      "type": "aws_s3_bucket_notification",
      "name": "this",
      "provider": "provider[\"registry.terraform.io/hashicorp/aws\"]",
      "instances": [
        {
          "index_key": 0,
          "schema_version": 0,
          "attributes": {
            "bucket": "s3-bucket-sweeping-mastiff",
            "eventbridge": true,
            "id": "s3-bucket-sweeping-mastiff",
            "lambda_function": [
              {
                "events": [
                  "s3:ObjectCreated:Put"
                ],
                "filter_prefix": "prefix/",
                "filter_suffix": ".json",
                "id": "lambda1",
                "lambda_function_arn": "arn:aws:lambda:us-west-2:058264261029:function:my-lambda1"
              }
            ],
            "queue": [],
            "topic": []
          },
          "sensitive_attributes": [],
          "private": "bnVsbA==",
          "dependencies": [
            "aws_sqs_queue.lambda_dlq",
            "module.lambda_function_alb.aws_cloudwatch_log_group.lambda",
            "module.lambda_function_alb.aws_iam_policy.additional_inline",
            "module.lambda_function_alb.aws_iam_policy.additional_json",
            "module.lambda_function_alb.aws_iam_policy.additional_jsons",
            "module.lambda_function_alb.aws_iam_policy.async",
            "module.lambda_function_alb.aws_iam_policy.dead_letter",
            "module.lambda_function_alb.aws_iam_policy.logs",
            "module.lambda_function_alb.aws_iam_policy.tracing",
            "module.lambda_function_alb.aws_iam_policy.vpc",
            "module.lambda_function_alb.aws_iam_role.lambda",
            "module.lambda_function_alb.aws_iam_role_policy_attachment.additional_inline",
            "module.lambda_function_alb.aws_iam_role_policy_attachment.additional_json",
            "module.lambda_function_alb.aws_iam_role_policy_attachment.additional_jsons",
            "module.lambda_function_alb.aws_iam_role_policy_attachment.additional_many",
            "module.lambda_function_alb.aws_iam_role_policy_attachment.additional_one",
            "module.lambda_function_alb.aws_iam_role_policy_attachment.async",
            "module.lambda_function_alb.aws_iam_role_policy_attachment.dead_letter",
            "module.lambda_function_alb.aws_iam_role_policy_attachment.logs",
            "module.lambda_function_alb.aws_iam_role_policy_attachment.tracing",
            "module.lambda_function_alb.aws_iam_role_policy_attachment.vpc",
            "module.lambda_function_alb.aws_lambda_function.this",
            "module.lambda_function_alb.aws_s3_object.lambda_package",
            "module.lambda_function_alb.data.aws_arn.log_group_arn",
            "module.lambda_function_alb.data.aws_cloudwatch_log_group.lambda",
            "module.lambda_function_alb.data.aws_iam_policy.tracing",
            "module.lambda_function_alb.data.aws_iam_policy.vpc",
            "module.lambda_function_alb.data.aws_iam_policy_document.additional_inline",
            "module.lambda_function_alb.data.aws_iam_policy_document.assume_role",
            "module.lambda_function_alb.data.aws_iam_policy_document.async",
            "module.lambda_function_alb.data.aws_iam_policy_document.dead_letter",
            "module.lambda_function_alb.data.aws_iam_policy_document.logs",
            "module.lambda_function_alb.data.aws_partition.current",
            "module.lambda_function_alb.data.external.archive_prepare",
            "module.lambda_function_alb.local_file.archive_plan",
            "module.lambda_function_alb.null_resource.archive",
            "module.s3-bucket.aws_s3_bucket.this",
            "module.s3-bucket.aws_s3_bucket_policy.this",
            "module.s3-bucket.aws_s3_bucket_public_access_block.this",
            "module.s3-bucket.data.aws_caller_identity.current",
            "module.s3-bucket.data.aws_iam_policy_document.access_log_delivery",
            "module.s3-bucket.data.aws_iam_policy_document.combined",
            "module.s3-bucket.data.aws_iam_policy_document.deny_incorrect_encryption_headers",
            "module.s3-bucket.data.aws_iam_policy_document.deny_incorrect_kms_key_sse",
            "module.s3-bucket.data.aws_iam_policy_document.deny_insecure_transport",
            "module.s3-bucket.data.aws_iam_policy_document.deny_unencrypted_object_uploads",
            "module.s3-bucket.data.aws_iam_policy_document.elb_log_delivery",
            "module.s3-bucket.data.aws_iam_policy_document.inventory_and_analytics_destination_policy",
            "module.s3-bucket.data.aws_iam_policy_document.lb_log_delivery",
            "module.s3-bucket.data.aws_iam_policy_document.require_latest_tls",
            "module.s3-bucket.data.aws_partition.current",
            "module.s3-bucket.data.aws_region.current",
            "module.s3-bucket_notification.aws_lambda_permission.allow",
            "module.s3-bucket_notification.aws_sns_topic_policy.allow",
            "module.s3-bucket_notification.aws_sqs_queue_policy.allow",
            "module.s3-bucket_notification.data.aws_arn.queue",
            "module.s3-bucket_notification.data.aws_iam_policy_document.sns",
            "module.s3-bucket_notification.data.aws_iam_policy_document.sqs",
            "module.s3-bucket_notification.data.aws_partition.this",
            "random_pet.this"
          ]
        }
      ]
    }
  ],
  "check_results": null
}
